<?xml version="1.0" encoding="utf-8"?>
<Project ToolsVersion="4.0" xmlns="http://schemas.microsoft.com/developer/msbuild/2003">
  <ItemGroup>
    <Filter Include="ソース ファイル">
      <UniqueIdentifier>{4FC737F1-C7A5-4376-A066-2A32D752A2FF}</UniqueIdentifier>
      <Extensions>cpp;c;cc;cxx;c++;cppm;ixx;def;odl;idl;hpj;bat;asm;asmx</Extensions>
    </Filter>
    <Filter Include="ヘッダー ファイル">
      <UniqueIdentifier>{93995380-89BD-4b04-88EB-625FBE52EBFB}</UniqueIdentifier>
      <Extensions>h;hh;hpp;hxx;h++;hm;inl;inc;ipp;xsd</Extensions>
    </Filter>
    <Filter Include="リソース ファイル">
      <UniqueIdentifier>{67DA6AB6-F800-4c08-8B7A-83BB121AAD01}</UniqueIdentifier>
      <Extensions>rc;ico;cur;bmp;dlg;rc2;rct;bin;rgs;gif;jpg;jpeg;jpe;resx;tiff;tif;png;wav;mfcribbon-ms</Extensions>
    </Filter>
    <Filter Include="ソース ファイル\Engine">
      <UniqueIdentifier>{afd23ada-1f51-4906-bb55-1b1ed2f7530d}</UniqueIdentifier>
    </Filter>
    <Filter Include="リソース ファイル\shader">
      <UniqueIdentifier>{66325673-9c99-4c39-9144-6b6cbc23b9c6}</UniqueIdentifier>
    </Filter>
    <Filter Include="ソース ファイル\Engine\Camera">
      <UniqueIdentifier>{0010a3ef-ddf2-4b75-a9ce-ce0d6163d96f}</UniqueIdentifier>
    </Filter>
    <Filter Include="ソース ファイル\Engine\ImGui">
      <UniqueIdentifier>{95e5a33f-6312-490d-945e-1cab2568b816}</UniqueIdentifier>
    </Filter>
    <Filter Include="ソース ファイル\Engine\Input">
      <UniqueIdentifier>{e853f721-fc20-495f-9190-45daa3667727}</UniqueIdentifier>
    </Filter>
    <Filter Include="ソース ファイル\Engine\Math">
      <UniqueIdentifier>{9cdc9c56-48a7-4afb-945f-6c4291a8e35d}</UniqueIdentifier>
    </Filter>
    <Filter Include="ソース ファイル\Engine\Mesh">
      <UniqueIdentifier>{a1489622-4c41-4755-a1f8-f4900ed81e00}</UniqueIdentifier>
    </Filter>
    <Filter Include="ソース ファイル\Engine\Sound">
      <UniqueIdentifier>{83114ccc-c1a8-4ce7-80f1-c8fdf7f10d0c}</UniqueIdentifier>
    </Filter>
    <Filter Include="ソース ファイル\Engine\Surface">
      <UniqueIdentifier>{86ced6e7-7b82-45ba-bb4c-b0688d563d41}</UniqueIdentifier>
    </Filter>
    <Filter Include="ヘッダー ファイル\Engine">
      <UniqueIdentifier>{1217db73-8387-4b00-a8b9-0a1149d3af91}</UniqueIdentifier>
    </Filter>
    <Filter Include="ヘッダー ファイル\Engine\Camera">
      <UniqueIdentifier>{dce5997f-3303-47ce-b789-1187212793ed}</UniqueIdentifier>
    </Filter>
    <Filter Include="ヘッダー ファイル\Engine\ImGui">
      <UniqueIdentifier>{236f6dbc-2e8a-4f4d-a16e-756c1c9ec0a8}</UniqueIdentifier>
    </Filter>
    <Filter Include="ヘッダー ファイル\Engine\Input">
      <UniqueIdentifier>{78879df8-3218-454b-a408-45803bb287b7}</UniqueIdentifier>
    </Filter>
    <Filter Include="ヘッダー ファイル\Engine\Math">
      <UniqueIdentifier>{e9cd372d-1399-4a32-a041-fd0c208aadbc}</UniqueIdentifier>
    </Filter>
    <Filter Include="ヘッダー ファイル\Engine\Mesh">
      <UniqueIdentifier>{52938834-a39b-4cd5-b3eb-c967d9ce1e68}</UniqueIdentifier>
    </Filter>
    <Filter Include="ヘッダー ファイル\Engine\Sound">
      <UniqueIdentifier>{940ceed2-3004-492d-acd3-24f7a1497a5a}</UniqueIdentifier>
    </Filter>
    <Filter Include="ヘッダー ファイル\Engine\Surface">
      <UniqueIdentifier>{f066c38b-7dff-46c7-9969-12767b54d776}</UniqueIdentifier>
    </Filter>
    <Filter Include="externals">
      <UniqueIdentifier>{ecbcd98e-d2d0-4428-8720-5f12c490ba62}</UniqueIdentifier>
    </Filter>
    <Filter Include="externals\imgui">
      <UniqueIdentifier>{e7196278-88b7-4671-bfc6-3bc9800a56db}</UniqueIdentifier>
    </Filter>
    <Filter Include="externals\assimp">
      <UniqueIdentifier>{00c9f943-af76-4b6c-acad-e01d7dccd3dc}</UniqueIdentifier>
    </Filter>
    <Filter Include="ヘッダー ファイル\Engine\DirectXCommon">
      <UniqueIdentifier>{5489f04e-d69c-4b24-aeb7-e892d983ca96}</UniqueIdentifier>
    </Filter>
  </ItemGroup>
  <ItemGroup>
    <ClCompile Include="Source\Application\main.cpp">
      <Filter>ソース ファイル</Filter>
    </ClCompile>
    <ClCompile Include="externals\imgui\imgui.cpp">
      <Filter>externals\imgui</Filter>
    </ClCompile>
    <ClCompile Include="externals\imgui\imgui_demo.cpp">
      <Filter>externals\imgui</Filter>
    </ClCompile>
    <ClCompile Include="externals\imgui\imgui_draw.cpp">
      <Filter>externals\imgui</Filter>
    </ClCompile>
    <ClCompile Include="externals\imgui\imgui_impl_dx12.cpp">
      <Filter>externals\imgui</Filter>
    </ClCompile>
    <ClCompile Include="externals\imgui\imgui_impl_win32.cpp">
      <Filter>externals\imgui</Filter>
    </ClCompile>
    <ClCompile Include="externals\imgui\imgui_tables.cpp">
      <Filter>externals\imgui</Filter>
    </ClCompile>
    <ClCompile Include="externals\imgui\imgui_widgets.cpp">
      <Filter>externals\imgui</Filter>
    </ClCompile>
    <ClCompile Include="Source\Engine\Camera\Camera.cpp">
      <Filter>ソース ファイル\Engine\Camera</Filter>
    </ClCompile>
    <ClCompile Include="Source\Engine\Camera\DebugCamera.cpp">
      <Filter>ソース ファイル\Engine\Camera</Filter>
    </ClCompile>
    <ClCompile Include="Source\Engine\Math\AABB.cpp">
      <Filter>ソース ファイル\Engine\Math</Filter>
    </ClCompile>
    <ClCompile Include="Source\Engine\Math\Add.cpp">
      <Filter>ソース ファイル\Engine\Math</Filter>
    </ClCompile>
    <ClCompile Include="Source\Engine\Math\CatmullRom.cpp">
      <Filter>ソース ファイル\Engine\Math</Filter>
    </ClCompile>
    <ClCompile Include="Source\Engine\Math\Collision.cpp">
      <Filter>ソース ファイル\Engine\Math</Filter>
    </ClCompile>
    <ClCompile Include="Source\Engine\DirectXCommon\CommandList.cpp">
      <Filter>ソース ファイル\Engine</Filter>
    </ClCompile>
    <ClCompile Include="Source\Engine\DirectXCommon\CommandQueue.cpp">
      <Filter>ソース ファイル\Engine</Filter>
    </ClCompile>
    <ClCompile Include="Source\Engine\DirectXCommon\CompileShader.cpp">
      <Filter>ソース ファイル\Engine</Filter>
    </ClCompile>
    <ClCompile Include="Source\Engine\DirectXCommon\BlendState.cpp">
      <Filter>ソース ファイル\Engine</Filter>
    </ClCompile>
    <ClCompile Include="Source\Engine\Math\CoordinateTransform.cpp">
      <Filter>ソース ファイル\Engine\Math</Filter>
    </ClCompile>
    <ClCompile Include="Source\Engine\Math\cotangent.cpp">
      <Filter>ソース ファイル\Engine\Math</Filter>
    </ClCompile>
    <ClCompile Include="Source\Engine\Math\Cross.cpp">
      <Filter>ソース ファイル\Engine\Math</Filter>
    </ClCompile>
    <ClCompile Include="Source\Engine\DirectXCommon\Depth.cpp">
      <Filter>ソース ファイル\Engine</Filter>
    </ClCompile>
    <ClCompile Include="Source\Engine\Math\Dot.cpp">
      <Filter>ソース ファイル\Engine\Math</Filter>
    </ClCompile>
    <ClCompile Include="Source\Engine\Math\Easing.cpp">
      <Filter>ソース ファイル\Engine\Math</Filter>
    </ClCompile>
    <ClCompile Include="Source\Engine\DirectXCommon\Fence.cpp">
      <Filter>ソース ファイル\Engine</Filter>
    </ClCompile>
    <ClCompile Include="Source\Engine\DirectXCommon\GPU.cpp">
      <Filter>ソース ファイル\Engine</Filter>
    </ClCompile>
    <ClCompile Include="Source\Engine\Math\Lerp.cpp">
      <Filter>ソース ファイル\Engine\Math</Filter>
    </ClCompile>
    <ClCompile Include="Source\Engine\Mesh\Cube.cpp">
      <Filter>ソース ファイル\Engine\Mesh</Filter>
    </ClCompile>
    <ClCompile Include="Source\Engine\DirectXCommon\DebugError.cpp">
      <Filter>ソース ファイル\Engine</Filter>
    </ClCompile>
    <ClCompile Include="Source\Engine\ImGui\DebugUI.cpp">
      <Filter>ソース ファイル\Engine\ImGui</Filter>
    </ClCompile>
    <ClCompile Include="Source\Engine\ImGui\ImGuiClass.cpp">
      <Filter>ソース ファイル\Engine\ImGui</Filter>
    </ClCompile>
    <ClCompile Include="Source\Engine\Mesh\DrawGrid.cpp">
      <Filter>ソース ファイル\Engine\Mesh</Filter>
    </ClCompile>
    <ClCompile Include="Source\Engine\DirectXCommon\DXGIFactory.cpp">
      <Filter>ソース ファイル\Engine</Filter>
    </ClCompile>
    <ClCompile Include="Source\Engine\Input\Input.cpp">
      <Filter>ソース ファイル\Engine\Input</Filter>
    </ClCompile>
    <ClCompile Include="Source\Engine\Math\Inverse.cpp">
      <Filter>ソース ファイル\Engine\Math</Filter>
    </ClCompile>
    <ClCompile Include="Source\Engine\Math\Length.cpp">
      <Filter>ソース ファイル\Engine\Math</Filter>
    </ClCompile>
    <ClCompile Include="Source\Engine\Mesh\LineMesh.cpp">
      <Filter>ソース ファイル\Engine\Mesh</Filter>
    </ClCompile>
    <ClCompile Include="Source\Engine\Math\MakeViewportMatrix.cpp">
      <Filter>ソース ファイル\Engine\Math</Filter>
    </ClCompile>
    <ClCompile Include="Source\Engine\Math\MakeAffineMatrix.cpp">
      <Filter>ソース ファイル\Engine\Math</Filter>
    </ClCompile>
    <ClCompile Include="Source\Engine\Math\MakeIdentity4x4.cpp">
      <Filter>ソース ファイル\Engine\Math</Filter>
    </ClCompile>
    <ClCompile Include="Source\Engine\Math\MakeOrthographicMatrix.cpp">
      <Filter>ソース ファイル\Engine\Math</Filter>
    </ClCompile>
    <ClCompile Include="Source\Engine\Math\MakePerspectiveFovMatrix.cpp">
      <Filter>ソース ファイル\Engine\Math</Filter>
    </ClCompile>
    <ClCompile Include="Source\Engine\Math\MakeRotateMatrix.cpp">
      <Filter>ソース ファイル\Engine\Math</Filter>
    </ClCompile>
    <ClCompile Include="Source\Engine\Math\MakeScaleMatrix.cpp">
      <Filter>ソース ファイル\Engine\Math</Filter>
    </ClCompile>
    <ClCompile Include="Source\Engine\Math\MakeTranslateMatrix.cpp">
      <Filter>ソース ファイル\Engine\Math</Filter>
    </ClCompile>
    <ClCompile Include="Source\Engine\DirectXCommon\InputLayout.cpp">
      <Filter>ソース ファイル\Engine</Filter>
    </ClCompile>
    <ClCompile Include="Source\Engine\DirectXCommon\Log.cpp">
      <Filter>ソース ファイル\Engine</Filter>
    </ClCompile>
    <ClCompile Include="Source\Engine\Surface\MaterialData.cpp">
      <Filter>ソース ファイル\Engine\Surface</Filter>
    </ClCompile>
    <ClCompile Include="Source\Engine\Surface\MaterialResource.cpp">
      <Filter>ソース ファイル\Engine\Surface</Filter>
    </ClCompile>
    <ClCompile Include="Source\Engine\Math\Matrix4x4.cpp">
      <Filter>ソース ファイル\Engine\Math</Filter>
    </ClCompile>
    <ClCompile Include="Source\Engine\Math\Normalize.cpp">
      <Filter>ソース ファイル\Engine\Math</Filter>
    </ClCompile>
    <ClCompile Include="Source\Engine\DirectXCommon\MyEngine.cpp">
      <Filter>ソース ファイル\Engine</Filter>
    </ClCompile>
    <ClCompile Include="Source\Engine\DirectXCommon\PSO.cpp">
      <Filter>ソース ファイル\Engine</Filter>
    </ClCompile>
    <ClCompile Include="Source\Engine\DirectXCommon\RasterizerState.cpp">
      <Filter>ソース ファイル\Engine</Filter>
    </ClCompile>
    <ClCompile Include="Source\Engine\DirectXCommon\RenderTargetView.cpp">
      <Filter>ソース ファイル\Engine</Filter>
    </ClCompile>
    <ClCompile Include="Source\Engine\DirectXCommon\RootSignature.cpp">
      <Filter>ソース ファイル\Engine</Filter>
    </ClCompile>
    <ClCompile Include="Source\Engine\DirectXCommon\ScissorRect.cpp">
      <Filter>ソース ファイル\Engine</Filter>
    </ClCompile>
    <ClCompile Include="Source\Engine\DirectXCommon\ShaderResourceView.cpp">
      <Filter>ソース ファイル\Engine</Filter>
    </ClCompile>
    <ClCompile Include="Source\Engine\Math\Vector2.cpp">
      <Filter>ソース ファイル\Engine\Math</Filter>
    </ClCompile>
    <ClCompile Include="Source\Engine\Math\Vector3.cpp">
      <Filter>ソース ファイル\Engine\Math</Filter>
    </ClCompile>
    <ClCompile Include="Source\Engine\Math\Vector4.cpp">
      <Filter>ソース ファイル\Engine\Math</Filter>
    </ClCompile>
    <ClCompile Include="Source\Engine\DirectXCommon\Viewport.cpp">
      <Filter>ソース ファイル\Engine</Filter>
    </ClCompile>
    <ClCompile Include="Source\Engine\Math\Transpose.cpp">
      <Filter>ソース ファイル\Engine\Math</Filter>
    </ClCompile>
    <ClCompile Include="Source\Engine\Math\ShericalCoordinate.cpp">
      <Filter>ソース ファイル\Engine\Math</Filter>
    </ClCompile>
    <ClCompile Include="Source\Engine\Sound\Sound.cpp">
      <Filter>ソース ファイル\Engine\Sound</Filter>
    </ClCompile>
    <ClCompile Include="Source\Engine\Mesh\Sprite.cpp">
      <Filter>ソース ファイル\Engine\Mesh</Filter>
    </ClCompile>
    <ClCompile Include="Source\Engine\Mesh\SphereMesh.cpp">
      <Filter>ソース ファイル\Engine\Mesh</Filter>
    </ClCompile>
    <ClCompile Include="Source\Engine\Mesh\Model.cpp">
      <Filter>ソース ファイル\Engine\Mesh</Filter>
    </ClCompile>
    <ClCompile Include="Source\Engine\Mesh\ModelData.cpp">
      <Filter>ソース ファイル\Engine\Mesh</Filter>
    </ClCompile>
    <ClCompile Include="Source\Engine\Math\TransformVector.cpp">
      <Filter>ソース ファイル\Engine\Math</Filter>
    </ClCompile>
    <ClCompile Include="Source\Engine\Math\WorldTransform.cpp">
      <Filter>ソース ファイル\Engine\Math</Filter>
    </ClCompile>
    <ClCompile Include="Source\Engine\Math\Multiply.cpp">
      <Filter>ソース ファイル\Engine\Math</Filter>
    </ClCompile>
    <ClCompile Include="Source\Engine\Math\Subtract.cpp">
      <Filter>ソース ファイル\Engine\Math</Filter>
    </ClCompile>
    <ClCompile Include="Source\Engine\DirectXCommon\SwapChain.cpp">
      <Filter>ソース ファイル\Engine</Filter>
    </ClCompile>
    <ClCompile Include="Source\Engine\DirectXCommon\TransitionBarrier.cpp">
      <Filter>ソース ファイル\Engine</Filter>
    </ClCompile>
    <ClCompile Include="Source\Engine\DirectXCommon\Window.cpp">
      <Filter>ソース ファイル\Engine</Filter>
    </ClCompile>
    <ClCompile Include="Source\Engine\Particle\Particle.cpp">
      <Filter>ソース ファイル</Filter>
    </ClCompile>
    <ClCompile Include="Source\Application\Player.cpp">
      <Filter>ソース ファイル</Filter>
    </ClCompile>
    <ClCompile Include="Source\Engine\DirectXCommon\DirectXCommon.cpp">
      <Filter>ソース ファイル</Filter>
    </ClCompile>
    <ClCompile Include="Source\Engine\DirectXCommon\StringUtility.cpp">
      <Filter>ソース ファイル</Filter>
    </ClCompile>
    <ClCompile Include="Source\Engine\DirectXCommon\SpriteC.cpp">
      <Filter>ソース ファイル</Filter>
    </ClCompile>
    <ClCompile Include="Source\Engine\Mesh\ModelConfig.cpp">
      <Filter>ソース ファイル</Filter>
    </ClCompile>
    <ClCompile Include="Source\Engine\Surface\TextureManager.cpp">
      <Filter>ソース ファイル</Filter>
    </ClCompile>
    <ClCompile Include="Source\Engine\Surface\Texture.cpp">
      <Filter>ソース ファイル</Filter>
    </ClCompile>
  </ItemGroup>
  <ItemGroup>
    <FxCompile Include="resources\shader\Object3d.PS.hlsl">
      <Filter>リソース ファイル\shader</Filter>
    </FxCompile>
    <FxCompile Include="resources\shader\Object3d.VS.hlsl">
      <Filter>リソース ファイル\shader</Filter>
    </FxCompile>
  </ItemGroup>
  <ItemGroup>
    <ClInclude Include="externals\imgui\imconfig.h">
      <Filter>externals\imgui</Filter>
    </ClInclude>
    <ClInclude Include="externals\imgui\imgui.h">
      <Filter>externals\imgui</Filter>
    </ClInclude>
    <ClInclude Include="externals\imgui\imgui_impl_dx12.h">
      <Filter>externals\imgui</Filter>
    </ClInclude>
    <ClInclude Include="externals\imgui\imgui_impl_win32.h">
      <Filter>externals\imgui</Filter>
    </ClInclude>
    <ClInclude Include="externals\imgui\imgui_internal.h">
      <Filter>externals\imgui</Filter>
    </ClInclude>
    <ClInclude Include="externals\imgui\imstb_rectpack.h">
      <Filter>externals\imgui</Filter>
    </ClInclude>
    <ClInclude Include="externals\imgui\imstb_textedit.h">
      <Filter>externals\imgui</Filter>
    </ClInclude>
    <ClInclude Include="externals\imgui\imstb_truetype.h">
      <Filter>externals\imgui</Filter>
    </ClInclude>
    <ClInclude Include="Source\Engine\Math\AABB.h">
      <Filter>ヘッダー ファイル\Engine\Math</Filter>
    </ClInclude>
    <ClInclude Include="Source\Engine\Math\Add.h">
      <Filter>ヘッダー ファイル\Engine\Math</Filter>
    </ClInclude>
    <ClInclude Include="Source\Engine\Mesh\Balloon.h">
      <Filter>ヘッダー ファイル\Engine\Mesh</Filter>
    </ClInclude>
    <ClInclude Include="Source\Engine\Camera\Camera.h">
      <Filter>ヘッダー ファイル\Engine\Camera</Filter>
    </ClInclude>
    <ClInclude Include="Source\Engine\Math\CatmullRom.h">
      <Filter>ヘッダー ファイル\Engine\Math</Filter>
    </ClInclude>
    <ClInclude Include="Source\Engine\Math\Collision.h">
      <Filter>ヘッダー ファイル\Engine\Math</Filter>
    </ClInclude>
    <ClInclude Include="Source\Engine\Math\CoordinateTransform.h">
      <Filter>ヘッダー ファイル\Engine\Math</Filter>
    </ClInclude>
    <ClInclude Include="Source\Engine\Math\cotangent.h">
      <Filter>ヘッダー ファイル\Engine\Math</Filter>
    </ClInclude>
    <ClInclude Include="Source\Engine\Math\Cross.h">
      <Filter>ヘッダー ファイル\Engine\Math</Filter>
    </ClInclude>
    <ClInclude Include="Source\Engine\Mesh\Cube.h">
      <Filter>ヘッダー ファイル\Engine\Mesh</Filter>
    </ClInclude>
    <ClInclude Include="Source\Engine\Camera\DebugCamera.h">
      <Filter>ヘッダー ファイル\Engine\Camera</Filter>
    </ClInclude>
    <ClInclude Include="Source\Engine\ImGui\DebugUI.h">
      <Filter>ヘッダー ファイル\Engine\ImGui</Filter>
    </ClInclude>
    <ClInclude Include="Source\Engine\Math\Dot.h">
      <Filter>ヘッダー ファイル\Engine\Math</Filter>
    </ClInclude>
    <ClInclude Include="Source\Engine\Mesh\DrawGrid.h">
      <Filter>ヘッダー ファイル\Engine\Mesh</Filter>
    </ClInclude>
    <ClInclude Include="Source\Engine\Math\Easing.h">
      <Filter>ヘッダー ファイル\Engine\Math</Filter>
    </ClInclude>
    <ClInclude Include="Source\Engine\Surface\DirectionalLight.h">
      <Filter>ヘッダー ファイル\Engine\Surface</Filter>
    </ClInclude>
    <ClInclude Include="Source\Engine\ImGui\ImGuiClass.h">
      <Filter>ヘッダー ファイル\Engine\ImGui</Filter>
    </ClInclude>
    <ClInclude Include="Source\Engine\Input\Input.h">
      <Filter>ヘッダー ファイル\Engine\Input</Filter>
    </ClInclude>
    <ClInclude Include="Source\Engine\Math\Lerp.h">
      <Filter>ヘッダー ファイル\Engine\Math</Filter>
    </ClInclude>
    <ClInclude Include="Source\Engine\Math\Inverse.h">
      <Filter>ヘッダー ファイル\Engine\Math</Filter>
    </ClInclude>
    <ClInclude Include="Source\Engine\Math\Length.h">
      <Filter>ヘッダー ファイル\Engine\Math</Filter>
    </ClInclude>
    <ClInclude Include="Source\Engine\Math\Line.h">
      <Filter>ヘッダー ファイル\Engine\Math</Filter>
    </ClInclude>
    <ClInclude Include="Source\Engine\Mesh\LineMesh.h">
      <Filter>ヘッダー ファイル\Engine\Mesh</Filter>
    </ClInclude>
    <ClInclude Include="Source\Engine\Math\MakeAffineMatrix.h">
      <Filter>ヘッダー ファイル\Engine\Math</Filter>
    </ClInclude>
    <ClInclude Include="Source\Engine\Math\MakeIdentity4x4.h">
      <Filter>ヘッダー ファイル\Engine\Math</Filter>
    </ClInclude>
    <ClInclude Include="Source\Engine\Math\MakeOrthographicMatrix.h">
      <Filter>ヘッダー ファイル\Engine\Math</Filter>
    </ClInclude>
    <ClInclude Include="Source\Engine\Math\MakePerspectiveFovMatrix.h">
      <Filter>ヘッダー ファイル\Engine\Math</Filter>
    </ClInclude>
    <ClInclude Include="Source\Engine\Math\MakeRotateMatrix.h">
      <Filter>ヘッダー ファイル\Engine\Math</Filter>
    </ClInclude>
    <ClInclude Include="Source\Engine\Math\MakeScaleMatrix.h">
      <Filter>ヘッダー ファイル\Engine\Math</Filter>
    </ClInclude>
    <ClInclude Include="Source\Engine\Math\MakeTranslateMatrix.h">
      <Filter>ヘッダー ファイル\Engine\Math</Filter>
    </ClInclude>
    <ClInclude Include="Source\Engine\Math\MakeViewportMatrix.h">
      <Filter>ヘッダー ファイル\Engine\Math</Filter>
    </ClInclude>
    <ClInclude Include="Source\Engine\Surface\Material.h">
      <Filter>ヘッダー ファイル\Engine\Surface</Filter>
    </ClInclude>
    <ClInclude Include="Source\Engine\Surface\MaterialData.h">
      <Filter>ヘッダー ファイル\Engine\Surface</Filter>
    </ClInclude>
    <ClInclude Include="Source\Engine\Surface\MaterialResource.h">
      <Filter>ヘッダー ファイル\Engine\Surface</Filter>
    </ClInclude>
    <ClInclude Include="Source\Engine\Mesh\Model.h">
      <Filter>ヘッダー ファイル\Engine\Mesh</Filter>
    </ClInclude>
    <ClInclude Include="Source\Engine\Mesh\ModelData.h">
      <Filter>ヘッダー ファイル\Engine\Mesh</Filter>
    </ClInclude>
    <ClInclude Include="Source\Engine\Math\Matrix3x3.h">
      <Filter>ヘッダー ファイル\Engine\Math</Filter>
    </ClInclude>
    <ClInclude Include="Source\Engine\Math\Matrix4x4.h">
      <Filter>ヘッダー ファイル\Engine\Math</Filter>
    </ClInclude>
    <ClInclude Include="Source\Engine\Math\Multiply.h">
      <Filter>ヘッダー ファイル\Engine\Math</Filter>
    </ClInclude>
    <ClInclude Include="Source\Engine\Math\Plane.h">
      <Filter>ヘッダー ファイル\Engine\Math</Filter>
    </ClInclude>
    <ClInclude Include="Source\Engine\Math\Ray.h">
      <Filter>ヘッダー ファイル\Engine\Math</Filter>
    </ClInclude>
    <ClInclude Include="Source\Engine\Math\Transpose.h">
      <Filter>ヘッダー ファイル\Engine\Math</Filter>
    </ClInclude>
    <ClInclude Include="Source\Engine\Math\Triangle.h">
      <Filter>ヘッダー ファイル\Engine\Math</Filter>
    </ClInclude>
    <ClInclude Include="Source\Engine\Math\Vector2.h">
      <Filter>ヘッダー ファイル\Engine\Math</Filter>
    </ClInclude>
    <ClInclude Include="Source\Engine\Math\Vector3.h">
      <Filter>ヘッダー ファイル\Engine\Math</Filter>
    </ClInclude>
    <ClInclude Include="Source\Engine\Math\Vector4.h">
      <Filter>ヘッダー ファイル\Engine\Math</Filter>
    </ClInclude>
    <ClInclude Include="Source\Engine\Math\WorldTransform.h">
      <Filter>ヘッダー ファイル\Engine\Math</Filter>
    </ClInclude>
    <ClInclude Include="Source\Engine\Mesh\Wave.h">
      <Filter>ヘッダー ファイル\Engine\Mesh</Filter>
    </ClInclude>
    <ClInclude Include="Source\Engine\Mesh\VertexData.h">
      <Filter>ヘッダー ファイル\Engine\Mesh</Filter>
    </ClInclude>
    <ClInclude Include="Source\Engine\Sound\Sound.h">
      <Filter>ヘッダー ファイル\Engine\Sound</Filter>
    </ClInclude>
    <ClInclude Include="Source\Engine\Math\Normalize.h">
      <Filter>ヘッダー ファイル\Engine\Math</Filter>
    </ClInclude>
    <ClInclude Include="Source\Engine\Math\Pendulum.h">
      <Filter>ヘッダー ファイル\Engine\Math</Filter>
    </ClInclude>
    <ClInclude Include="Source\Engine\Math\Project.h">
      <Filter>ヘッダー ファイル\Engine\Math</Filter>
    </ClInclude>
    <ClInclude Include="Source\Engine\Math\Transform.h">
      <Filter>ヘッダー ファイル\Engine\Math</Filter>
    </ClInclude>
    <ClInclude Include="Source\Engine\Math\TransformationMatrix.h">
      <Filter>ヘッダー ファイル\Engine\Math</Filter>
    </ClInclude>
    <ClInclude Include="Source\Engine\Math\TransformVector.h">
      <Filter>ヘッダー ファイル\Engine\Math</Filter>
    </ClInclude>
    <ClInclude Include="Source\Engine\Mesh\SphereMesh.h">
      <Filter>ヘッダー ファイル\Engine\Mesh</Filter>
    </ClInclude>
    <ClInclude Include="Source\Engine\Mesh\Sprite.h">
      <Filter>ヘッダー ファイル\Engine\Mesh</Filter>
    </ClInclude>
    <ClInclude Include="Source\Engine\Math\Segment.h">
      <Filter>ヘッダー ファイル\Engine\Math</Filter>
    </ClInclude>
    <ClInclude Include="Source\Engine\Math\Sphere.h">
      <Filter>ヘッダー ファイル\Engine\Math</Filter>
    </ClInclude>
    <ClInclude Include="Source\Engine\Math\SphericalCoordinate.h">
      <Filter>ヘッダー ファイル\Engine\Math</Filter>
    </ClInclude>
    <ClInclude Include="Source\Engine\Math\Subtract.h">
      <Filter>ヘッダー ファイル\Engine\Math</Filter>
    </ClInclude>
    <ClInclude Include="Source\Engine\DirectXCommon\BlendState.h">
      <Filter>ヘッダー ファイル\Engine\DirectXCommon</Filter>
    </ClInclude>
    <ClInclude Include="Source\Engine\DirectXCommon\CommandList.h">
      <Filter>ヘッダー ファイル\Engine\DirectXCommon</Filter>
    </ClInclude>
    <ClInclude Include="Source\Engine\DirectXCommon\CommandQueue.h">
      <Filter>ヘッダー ファイル\Engine\DirectXCommon</Filter>
    </ClInclude>
    <ClInclude Include="Source\Engine\DirectXCommon\CompileShader.h">
      <Filter>ヘッダー ファイル\Engine\DirectXCommon</Filter>
    </ClInclude>
    <ClInclude Include="Source\Engine\DirectXCommon\CrashHandler.h">
      <Filter>ヘッダー ファイル\Engine\DirectXCommon</Filter>
    </ClInclude>
    <ClInclude Include="Source\Engine\DirectXCommon\D3DResourceLeakChecker.h">
      <Filter>ヘッダー ファイル\Engine\DirectXCommon</Filter>
    </ClInclude>
    <ClInclude Include="Source\Engine\DirectXCommon\DebugError.h">
      <Filter>ヘッダー ファイル\Engine\DirectXCommon</Filter>
    </ClInclude>
    <ClInclude Include="Source\Engine\DirectXCommon\Depth.h">
      <Filter>ヘッダー ファイル\Engine\DirectXCommon</Filter>
    </ClInclude>
    <ClInclude Include="Source\Engine\DirectXCommon\DirectXCommon.h">
      <Filter>ヘッダー ファイル\Engine\DirectXCommon</Filter>
    </ClInclude>
    <ClInclude Include="Source\Engine\DirectXCommon\DXGIFactory.h">
      <Filter>ヘッダー ファイル\Engine\DirectXCommon</Filter>
    </ClInclude>
    <ClInclude Include="Source\Engine\DirectXCommon\Fence.h">
      <Filter>ヘッダー ファイル\Engine\DirectXCommon</Filter>
    </ClInclude>
    <ClInclude Include="Source\Engine\DirectXCommon\GPU.h">
      <Filter>ヘッダー ファイル\Engine\DirectXCommon</Filter>
    </ClInclude>
    <ClInclude Include="Source\Engine\DirectXCommon\InputLayout.h">
      <Filter>ヘッダー ファイル\Engine\DirectXCommon</Filter>
    </ClInclude>
    <ClInclude Include="Source\Engine\DirectXCommon\Log.h">
      <Filter>ヘッダー ファイル\Engine\DirectXCommon</Filter>
    </ClInclude>
    <ClInclude Include="Source\Engine\Mesh\ModelConfig.h">
      <Filter>ヘッダー ファイル\Engine\DirectXCommon</Filter>
    </ClInclude>
    <ClInclude Include="Source\Engine\DirectXCommon\MyEngine.h">
      <Filter>ヘッダー ファイル\Engine\DirectXCommon</Filter>
    </ClInclude>
    <ClInclude Include="Source\Engine\Particle\Particle.h">
      <Filter>ヘッダー ファイル\Engine\DirectXCommon</Filter>
    </ClInclude>
    <ClInclude Include="Source\Application\Player.h">
      <Filter>ヘッダー ファイル\Engine\DirectXCommon</Filter>
    </ClInclude>
    <ClInclude Include="Source\Engine\DirectXCommon\PSO.h">
      <Filter>ヘッダー ファイル\Engine\DirectXCommon</Filter>
    </ClInclude>
    <ClInclude Include="Source\Engine\DirectXCommon\RasterizerState.h">
      <Filter>ヘッダー ファイル\Engine\DirectXCommon</Filter>
    </ClInclude>
    <ClInclude Include="Source\Engine\DirectXCommon\RenderTargetView.h">
      <Filter>ヘッダー ファイル\Engine\DirectXCommon</Filter>
    </ClInclude>
    <ClInclude Include="Source\Engine\DirectXCommon\RootSignature.h">
      <Filter>ヘッダー ファイル\Engine\DirectXCommon</Filter>
    </ClInclude>
    <ClInclude Include="Source\Engine\DirectXCommon\ScissorRect.h">
      <Filter>ヘッダー ファイル\Engine\DirectXCommon</Filter>
    </ClInclude>
    <ClInclude Include="Source\Engine\DirectXCommon\ShaderResourceView.h">
      <Filter>ヘッダー ファイル\Engine\DirectXCommon</Filter>
    </ClInclude>
    <ClInclude Include="Source\Engine\DirectXCommon\StringUtility.h">
      <Filter>ヘッダー ファイル\Engine\DirectXCommon</Filter>
    </ClInclude>
    <ClInclude Include="Source\Engine\DirectXCommon\SwapChain.h">
      <Filter>ヘッダー ファイル\Engine\DirectXCommon</Filter>
    </ClInclude>
    <ClInclude Include="Source\Engine\DirectXCommon\TransitionBarrier.h">
      <Filter>ヘッダー ファイル\Engine\DirectXCommon</Filter>
    </ClInclude>
    <ClInclude Include="Source\Engine\DirectXCommon\Viewport.h">
      <Filter>ヘッダー ファイル\Engine\DirectXCommon</Filter>
    </ClInclude>
    <ClInclude Include="Source\Engine\DirectXCommon\Window.h">
      <Filter>ヘッダー ファイル\Engine\DirectXCommon</Filter>
    </ClInclude>
    <ClInclude Include="Source\Engine\DirectXCommon\SpriteC.h">
      <Filter>ヘッダー ファイル</Filter>
    </ClInclude>
    <ClInclude Include="Source\Engine\Surface\TextureManager.h">
      <Filter>ヘッダー ファイル</Filter>
    </ClInclude>
    <ClInclude Include="Source\Engine\hlslTypeToCpp.h">
      <Filter>ヘッダー ファイル</Filter>
    </ClInclude>
    <ClInclude Include="Source\Engine\Surface\Texture.h">
      <Filter>ヘッダー ファイル</Filter>
    </ClInclude>
  </ItemGroup>
  <ItemGroup>
    <Text Include="externals\imgui\LICENSE.txt">
      <Filter>externals\imgui</Filter>
    </Text>
  </ItemGroup>
  <ItemGroup>
    <Library Include="externals\assimp\lib\Debug\assimp-vc143-mdd.lib">
      <Filter>externals\assimp</Filter>
    </Library>
    <Library Include="externals\assimp\lib\Debug\assimp-vc143-mtd.lib">
      <Filter>externals\assimp</Filter>
    </Library>
  </ItemGroup>
  <ItemGroup>
    <None Include="externals\assimp\lib\Debug\assimp-vc143-mtd.pdb">
      <Filter>externals\assimp</Filter>
    </None>
  </ItemGroup>
</Project>