<?xml version="1.0" encoding="utf-8"?>
<Project ToolsVersion="4.0" xmlns="http://schemas.microsoft.com/developer/msbuild/2003">
  <ItemGroup>
    <Filter Include="ソース ファイル">
      <UniqueIdentifier>{4FC737F1-C7A5-4376-A066-2A32D752A2FF}</UniqueIdentifier>
      <Extensions>cpp;c;cc;cxx;c++;cppm;ixx;def;odl;idl;hpj;bat;asm;asmx</Extensions>
    </Filter>
    <Filter Include="ヘッダー ファイル">
      <UniqueIdentifier>{93995380-89BD-4b04-88EB-625FBE52EBFB}</UniqueIdentifier>
      <Extensions>h;hh;hpp;hxx;h++;hm;inl;inc;ipp;xsd</Extensions>
    </Filter>
    <Filter Include="リソース ファイル">
      <UniqueIdentifier>{67DA6AB6-F800-4c08-8B7A-83BB121AAD01}</UniqueIdentifier>
      <Extensions>rc;ico;cur;bmp;dlg;rc2;rct;bin;rgs;gif;jpg;jpeg;jpe;resx;tiff;tif;png;wav;mfcribbon-ms</Extensions>
    </Filter>
    <Filter Include="ソース ファイル\Engine">
      <UniqueIdentifier>{afd23ada-1f51-4906-bb55-1b1ed2f7530d}</UniqueIdentifier>
    </Filter>
    <Filter Include="リソース ファイル\shader">
      <UniqueIdentifier>{66325673-9c99-4c39-9144-6b6cbc23b9c6}</UniqueIdentifier>
    </Filter>
    <Filter Include="ソース ファイル\Engine\Camera">
      <UniqueIdentifier>{0010a3ef-ddf2-4b75-a9ce-ce0d6163d96f}</UniqueIdentifier>
    </Filter>
    <Filter Include="ソース ファイル\Engine\ImGui">
      <UniqueIdentifier>{95e5a33f-6312-490d-945e-1cab2568b816}</UniqueIdentifier>
    </Filter>
    <Filter Include="ソース ファイル\Engine\Input">
      <UniqueIdentifier>{e853f721-fc20-495f-9190-45daa3667727}</UniqueIdentifier>
    </Filter>
    <Filter Include="ソース ファイル\Engine\Math">
      <UniqueIdentifier>{9cdc9c56-48a7-4afb-945f-6c4291a8e35d}</UniqueIdentifier>
    </Filter>
    <Filter Include="ソース ファイル\Engine\Mesh">
      <UniqueIdentifier>{a1489622-4c41-4755-a1f8-f4900ed81e00}</UniqueIdentifier>
    </Filter>
    <Filter Include="ソース ファイル\Engine\Sound">
      <UniqueIdentifier>{83114ccc-c1a8-4ce7-80f1-c8fdf7f10d0c}</UniqueIdentifier>
    </Filter>
    <Filter Include="ソース ファイル\Engine\Surface">
      <UniqueIdentifier>{86ced6e7-7b82-45ba-bb4c-b0688d563d41}</UniqueIdentifier>
    </Filter>
    <Filter Include="ヘッダー ファイル\Engine">
      <UniqueIdentifier>{1217db73-8387-4b00-a8b9-0a1149d3af91}</UniqueIdentifier>
    </Filter>
    <Filter Include="ヘッダー ファイル\Engine\Camera">
      <UniqueIdentifier>{dce5997f-3303-47ce-b789-1187212793ed}</UniqueIdentifier>
    </Filter>
    <Filter Include="ヘッダー ファイル\Engine\ImGui">
      <UniqueIdentifier>{236f6dbc-2e8a-4f4d-a16e-756c1c9ec0a8}</UniqueIdentifier>
    </Filter>
    <Filter Include="ヘッダー ファイル\Engine\Input">
      <UniqueIdentifier>{78879df8-3218-454b-a408-45803bb287b7}</UniqueIdentifier>
    </Filter>
    <Filter Include="ヘッダー ファイル\Engine\Math">
      <UniqueIdentifier>{e9cd372d-1399-4a32-a041-fd0c208aadbc}</UniqueIdentifier>
    </Filter>
    <Filter Include="ヘッダー ファイル\Engine\Mesh">
      <UniqueIdentifier>{52938834-a39b-4cd5-b3eb-c967d9ce1e68}</UniqueIdentifier>
    </Filter>
    <Filter Include="ヘッダー ファイル\Engine\Sound">
      <UniqueIdentifier>{940ceed2-3004-492d-acd3-24f7a1497a5a}</UniqueIdentifier>
    </Filter>
    <Filter Include="ヘッダー ファイル\Engine\Surface">
      <UniqueIdentifier>{f066c38b-7dff-46c7-9969-12767b54d776}</UniqueIdentifier>
    </Filter>
    <Filter Include="externals">
      <UniqueIdentifier>{ecbcd98e-d2d0-4428-8720-5f12c490ba62}</UniqueIdentifier>
    </Filter>
    <Filter Include="externals\imgui">
      <UniqueIdentifier>{e7196278-88b7-4671-bfc6-3bc9800a56db}</UniqueIdentifier>
    </Filter>
    <Filter Include="externals\assimp">
      <UniqueIdentifier>{00c9f943-af76-4b6c-acad-e01d7dccd3dc}</UniqueIdentifier>
    </Filter>
    <Filter Include="ヘッダー ファイル\Engine\DirectXCommon">
      <UniqueIdentifier>{5489f04e-d69c-4b24-aeb7-e892d983ca96}</UniqueIdentifier>
    </Filter>
  </ItemGroup>
  <ItemGroup>
    <ClCompile Include="Source\main.cpp">
      <Filter>ソース ファイル</Filter>
    </ClCompile>
    <ClCompile Include="Source\Engine\Camera\Camera.cpp">
      <Filter>ソース ファイル\Engine\Camera</Filter>
    </ClCompile>
    <ClCompile Include="Source\Engine\Camera\DebugCamera.cpp">
      <Filter>ソース ファイル\Engine\Camera</Filter>
    </ClCompile>
    <ClCompile Include="Source\Engine\Math\Collision\Collision.cpp">
      <Filter>ソース ファイル\Engine\Math</Filter>
    </ClCompile>
    <ClCompile Include="Source\Engine\DirectXCommon\CommandList.cpp">
      <Filter>ソース ファイル\Engine</Filter>
    </ClCompile>
    <ClCompile Include="Source\Engine\DirectXCommon\CommandQueue.cpp">
      <Filter>ソース ファイル\Engine</Filter>
    </ClCompile>
    <ClCompile Include="Source\Engine\PSO\CompileShader.cpp">
      <Filter>ソース ファイル\Engine</Filter>
    </ClCompile>
    <ClCompile Include="Source\Engine\PSO\BlendState.cpp">
      <Filter>ソース ファイル\Engine</Filter>
    </ClCompile>
    <ClCompile Include="Source\Engine\Math\CoordinateTransform\CoordinateTransform.cpp">
      <Filter>ソース ファイル\Engine\Math</Filter>
    </ClCompile>
    <ClCompile Include="Source\Engine\Math\Cotangent\cotangent.cpp">
      <Filter>ソース ファイル\Engine\Math</Filter>
    </ClCompile>
    <ClCompile Include="Source\Engine\PSO\Depth.cpp">
      <Filter>ソース ファイル\Engine</Filter>
    </ClCompile>
    <ClCompile Include="Source\Engine\Math\Lerp\Easing.cpp">
      <Filter>ソース ファイル\Engine\Math</Filter>
    </ClCompile>
    <ClCompile Include="Source\Engine\DirectXCommon\Fence.cpp">
      <Filter>ソース ファイル\Engine</Filter>
    </ClCompile>
    <ClCompile Include="Source\Engine\DirectXCommon\GPU.cpp">
      <Filter>ソース ファイル\Engine</Filter>
    </ClCompile>
    <ClCompile Include="Source\Engine\Math\Lerp\Lerp.cpp">
      <Filter>ソース ファイル\Engine\Math</Filter>
    </ClCompile>
    <ClCompile Include="Source\Engine\DirectXCommon\DebugError.cpp">
      <Filter>ソース ファイル\Engine</Filter>
    </ClCompile>
    <ClCompile Include="Source\Engine\ImGui\DebugUI.cpp">
      <Filter>ソース ファイル\Engine\ImGui</Filter>
    </ClCompile>
    <ClCompile Include="Source\Engine\ImGui\ImGuiClass.cpp">
      <Filter>ソース ファイル\Engine\ImGui</Filter>
    </ClCompile>
    <ClCompile Include="Source\Engine\Mesh\Grid\DrawGrid.cpp">
      <Filter>ソース ファイル\Engine\Mesh</Filter>
    </ClCompile>
    <ClCompile Include="Source\Engine\DirectXCommon\DXGIFactory.cpp">
      <Filter>ソース ファイル\Engine</Filter>
    </ClCompile>
    <ClCompile Include="Source\Engine\Input\Input.cpp">
      <Filter>ソース ファイル\Engine\Input</Filter>
    </ClCompile>
    <ClCompile Include="Source\Engine\Math\Matrix\MakeMatrix.cpp">
      <Filter>ソース ファイル\Engine\Math</Filter>
    </ClCompile>
    <ClCompile Include="Source\Engine\PSO\InputLayout.cpp">
      <Filter>ソース ファイル\Engine</Filter>
    </ClCompile>
    <ClCompile Include="Source\Engine\DirectXCommon\Log.cpp">
      <Filter>ソース ファイル\Engine</Filter>
    </ClCompile>
    <ClCompile Include="Source\Engine\Surface\MaterialData.cpp">
      <Filter>ソース ファイル\Engine\Surface</Filter>
    </ClCompile>
    <ClCompile Include="Source\Engine\Surface\MaterialResource.cpp">
      <Filter>ソース ファイル\Engine\Surface</Filter>
    </ClCompile>
    <ClCompile Include="Source\Engine\Math\Matrix\Matrix4x4.cpp">
      <Filter>ソース ファイル\Engine\Math</Filter>
    </ClCompile>
    <ClCompile Include="Source\Engine\DirectXCommon\MyEngine.cpp">
      <Filter>ソース ファイル\Engine</Filter>
    </ClCompile>
    <ClCompile Include="Source\Engine\PSO\PSO.cpp">
      <Filter>ソース ファイル\Engine</Filter>
    </ClCompile>
    <ClCompile Include="Source\Engine\PSO\RasterizerState.cpp">
      <Filter>ソース ファイル\Engine</Filter>
    </ClCompile>
    <ClCompile Include="Source\Engine\DirectXCommon\RenderTargetView.cpp">
      <Filter>ソース ファイル\Engine</Filter>
    </ClCompile>
    <ClCompile Include="Source\Engine\PSO\RootSignature.cpp">
      <Filter>ソース ファイル\Engine</Filter>
    </ClCompile>
    <ClCompile Include="Source\Engine\DirectXCommon\ScissorRect.cpp">
      <Filter>ソース ファイル\Engine</Filter>
    </ClCompile>
    <ClCompile Include="Source\Engine\Math\Vector\Vector2.cpp">
      <Filter>ソース ファイル\Engine\Math</Filter>
    </ClCompile>
    <ClCompile Include="Source\Engine\Math\Vector\Vector3.cpp">
      <Filter>ソース ファイル\Engine\Math</Filter>
    </ClCompile>
    <ClCompile Include="Source\Engine\Math\Vector\Vector4.cpp">
      <Filter>ソース ファイル\Engine\Math</Filter>
    </ClCompile>
    <ClCompile Include="Source\Engine\DirectXCommon\Viewport.cpp">
      <Filter>ソース ファイル\Engine</Filter>
    </ClCompile>
    <ClCompile Include="Source\Engine\Math\SphericalCoordinate\SphericalCoordinate.cpp">
      <Filter>ソース ファイル\Engine\Math</Filter>
    </ClCompile>
    <ClCompile Include="Source\Engine\Sound\Sound.cpp">
      <Filter>ソース ファイル\Engine\Sound</Filter>
    </ClCompile>
    <ClCompile Include="Source\Engine\Mesh\Sprite\Sprite.cpp">
      <Filter>ソース ファイル\Engine\Mesh</Filter>
    </ClCompile>
    <ClCompile Include="Source\Engine\Mesh\Model\Model.cpp">
      <Filter>ソース ファイル\Engine\Mesh</Filter>
    </ClCompile>
    <ClCompile Include="Source\Engine\Math\WorldTransform\WorldTransform.cpp">
      <Filter>ソース ファイル\Engine\Math</Filter>
    </ClCompile>
    <ClCompile Include="Source\Engine\DirectXCommon\SwapChain.cpp">
      <Filter>ソース ファイル\Engine</Filter>
    </ClCompile>
    <ClCompile Include="Source\Engine\DirectXCommon\TransitionBarrier.cpp">
      <Filter>ソース ファイル\Engine</Filter>
    </ClCompile>
    <ClCompile Include="Source\Engine\DirectXCommon\Window.cpp">
      <Filter>ソース ファイル\Engine</Filter>
    </ClCompile>
    <ClCompile Include="Source\Engine\Particle\Particle.cpp">
      <Filter>ソース ファイル</Filter>
    </ClCompile>
    <ClCompile Include="Source\Engine\DirectXCommon\DirectXCommon.cpp">
      <Filter>ソース ファイル</Filter>
    </ClCompile>
    <ClCompile Include="Source\Engine\DirectXCommon\StringUtility.cpp">
      <Filter>ソース ファイル</Filter>
    </ClCompile>
    <ClCompile Include="Source\Engine\Mesh\Sprite\SpriteCommon.cpp">
      <Filter>ソース ファイル</Filter>
    </ClCompile>
    <ClCompile Include="Source\Engine\Surface\Texture.cpp">
      <Filter>ソース ファイル</Filter>
    </ClCompile>
    <ClCompile Include="Source\Engine\Mesh\Model\ModelManager.cpp">
      <Filter>ソース ファイル</Filter>
    </ClCompile>
    <ClCompile Include="Source\Engine\SceneManager\SceneManager.cpp">
      <Filter>ソース ファイル</Filter>
    </ClCompile>
    <ClCompile Include="Source\Application\Scene\SampleScene.cpp">
      <Filter>ソース ファイル</Filter>
    </ClCompile>
    <ClCompile Include="Source\Engine\Camera\SpriteCamera.cpp">
      <Filter>ソース ファイル</Filter>
    </ClCompile>
    <ClCompile Include="Source\Application\System\CollisionManager.cpp">
      <Filter>ソース ファイル</Filter>
    </ClCompile>
    <ClCompile Include="Source\Engine\Math\Matrix\Matrix3x3.cpp">
      <Filter>ソース ファイル</Filter>
    </ClCompile>
    <ClCompile Include="Source\Engine\SceneManager\SceneChange.cpp">
      <Filter>ソース ファイル</Filter>
    </ClCompile>
    <ClCompile Include="Source\Engine\Object3d\Object3d.cpp">
      <Filter>ソース ファイル</Filter>
    </ClCompile>
    <ClCompile Include="Source\Engine\SRVmanager\SrvManager.cpp">
      <Filter>ソース ファイル</Filter>
    </ClCompile>
    <ClCompile Include="Source\Engine\Particle\ParticleEmitter.cpp">
      <Filter>ソース ファイル</Filter>
    </ClCompile>
    <ClCompile Include="Source\Application\GameObject\Player\Player.cpp">
      <Filter>ソース ファイル</Filter>
    </ClCompile>
    <ClCompile Include="Source\Application\GameObject\BackGround\World.cpp">
      <Filter>ソース ファイル</Filter>
    </ClCompile>
    <ClCompile Include="Source\Application\GameObject\BackGround\Field.cpp">
      <Filter>ソース ファイル</Filter>
    </ClCompile>
    <ClCompile Include="Source\Application\GameObject\Medjed\Enemy.cpp">
      <Filter>ソース ファイル</Filter>
    </ClCompile>
    <ClCompile Include="Source\Application\Scene\TitleScene.cpp">
      <Filter>ソース ファイル</Filter>
    </ClCompile>
    <ClCompile Include="Source\Application\Scene\ResultScene.cpp">
      <Filter>ソース ファイル</Filter>
    </ClCompile>
    <ClCompile Include="Source\Engine\JsonFile\JsonFile.cpp">
      <Filter>ソース ファイル</Filter>
    </ClCompile>
    <ClCompile Include="Source\Application\System\Collider.cpp">
      <Filter>ソース ファイル</Filter>
    </ClCompile>
    <ClCompile Include="Source\Application\GameObject\Bullet\Bullet.cpp">
      <Filter>ソース ファイル</Filter>
    </ClCompile>
    <ClCompile Include="Source\Application\GameObject\Bullet\BulletManager.cpp">
      <Filter>ソース ファイル</Filter>
    </ClCompile>
    <ClCompile Include="Source\Application\GameObject\Bullet\ShotBulletManager.cpp">
      <Filter>ソース ファイル</Filter>
    </ClCompile>
    <ClCompile Include="Source\Application\GameObject\UI\HPGage.cpp">
      <Filter>ソース ファイル</Filter>
    </ClCompile>
    <ClCompile Include="Source\Application\GameObject\UI\UIManager.cpp">
      <Filter>ソース ファイル</Filter>
    </ClCompile>
    <ClCompile Include="Source\Application\GameObject\UI\HPIcon.cpp">
      <Filter>ソース ファイル</Filter>
    </ClCompile>
    <ClCompile Include="Source\Application\GameObject\Medjed\DummyMedjed.cpp">
      <Filter>ソース ファイル</Filter>
    </ClCompile>
    <ClCompile Include="Source\Application\GameObject\Medjed\Medjed.cpp">
      <Filter>ソース ファイル</Filter>
    </ClCompile>
    <ClCompile Include="Source\Application\GameObject\BackGround\Building.cpp">
      <Filter>ソース ファイル</Filter>
    </ClCompile>
    <ClCompile Include="Source\Game.cpp">
      <Filter>ソース ファイル</Filter>
    </ClCompile>
    <ClCompile Include="Source\Engine\Input\VibrateManager.cpp">
      <Filter>ソース ファイル</Filter>
    </ClCompile>
    <ClCompile Include="Source\Engine\Lights\DirectionalLightManager.cpp">
      <Filter>ソース ファイル</Filter>
    </ClCompile>
    <ClCompile Include="Source\Engine\Lights\PointLightManager.cpp">
      <Filter>ソース ファイル</Filter>
    </ClCompile>
    <ClCompile Include="Source\Application\System\LightingManager.cpp">
      <Filter>ソース ファイル</Filter>
    </ClCompile>
    <ClCompile Include="Source\Engine\Lights\SpotLightManager.cpp">
      <Filter>ソース ファイル</Filter>
    </ClCompile>
    <ClCompile Include="Source\Engine\SceneManager\SceneFactory.cpp">
      <Filter>ソース ファイル</Filter>
    </ClCompile>
    <ClCompile Include="Source\Application\GameObject\Puzzle\Puzzle.cpp">
      <Filter>ソース ファイル</Filter>
    </ClCompile>
    <ClCompile Include="Source\Engine\Math\Quaternion\Quaternion.cpp">
      <Filter>ソース ファイル</Filter>
    </ClCompile>
    <ClCompile Include="Source\Engine\Animation\Animation.cpp">
      <Filter>ソース ファイル</Filter>
    </ClCompile>
    <ClCompile Include="Source\Engine\Object3d\AnimationObject3d.cpp">
      <Filter>ソース ファイル</Filter>
    </ClCompile>
    <ClCompile Include="Source\Engine\Animation\Bone.cpp">
      <Filter>ソース ファイル</Filter>
    </ClCompile>
    <ClCompile Include="Source\Engine\Animation\SkinCluster.cpp">
      <Filter>ソース ファイル</Filter>
    </ClCompile>
    <ClCompile Include="Source\Engine\Mesh\Model\SkinningModel.cpp">
      <Filter>ソース ファイル</Filter>
    </ClCompile>
    <ClCompile Include="Source\Application\GameObject\Medjed\MedjedManager.cpp">
      <Filter>ソース ファイル</Filter>
    </ClCompile>
    <ClCompile Include="Source\Application\GameObject\Item\ItemSlot.cpp">
      <Filter>ソース ファイル</Filter>
    </ClCompile>
    <ClCompile Include="Source\Application\GameObject\Item\CrowbarItem.cpp">
      <Filter>ソース ファイル</Filter>
    </ClCompile>
    <ClCompile Include="Source\Application\GameObject\Item\GoldHeart.cpp">
      <Filter>ソース ファイル</Filter>
    </ClCompile>
    <ClCompile Include="Source\Application\GameObject\Item\SunMedal.cpp">
      <Filter>ソース ファイル</Filter>
    </ClCompile>
    <ClCompile Include="Source\Application\GameObject\Item\SunRod.cpp">
      <Filter>ソース ファイル</Filter>
    </ClCompile>
    <ClCompile Include="Source\Application\GameObject\SoundManager\SoundManager.cpp">
      <Filter>ソース ファイル</Filter>
    </ClCompile>
    <ClCompile Include="Source\Application\GameObject\Item\ItemManager.cpp">
      <Filter>ソース ファイル</Filter>
    </ClCompile>
    <ClCompile Include="Source\Engine\Math\Structs\Line.cpp">
      <Filter>ソース ファイル</Filter>
    </ClCompile>
    <ClCompile Include="Source\Application\GameObject\Player\RaySprite.cpp">
      <Filter>ソース ファイル</Filter>
    </ClCompile>
    <ClCompile Include="Source\Application\GameObject\TransformAni\TransformAni.cpp">
      <Filter>ソース ファイル</Filter>
    </ClCompile>
    <ClCompile Include="Source\Application\GameObject\Bullet\RhythmBullet.cpp">
      <Filter>ソース ファイル</Filter>
    </ClCompile>
    <ClCompile Include="Source\Application\GameObject\BackGround\BackGround.cpp">
      <Filter>ソース ファイル</Filter>
    </ClCompile>
    <ClCompile Include="Source\Application\GameObject\Player\EyeCollider.cpp">
      <Filter>ソース ファイル</Filter>
    </ClCompile>
    <ClCompile Include="Source\Application\Stage\MummyStage\Mummy.cpp">
      <Filter>ソース ファイル</Filter>
    </ClCompile>
    <ClCompile Include="Source\Application\GameObject\Bullet\RhythmManager.cpp">
      <Filter>ソース ファイル</Filter>
    </ClCompile>
    <ClCompile Include="Source\Application\Stage\MummyStage\MummyStage.cpp">
      <Filter>ソース ファイル</Filter>
    </ClCompile>
    <ClCompile Include="Source\Application\System\InputBind.cpp">
      <Filter>ソース ファイル</Filter>
    </ClCompile>
    <ClCompile Include="Source\Application\Stage\Platform.cpp">
      <Filter>ソース ファイル</Filter>
    </ClCompile>
    <ClCompile Include="Source\Application\GameObject\Memo\Memo.cpp">
      <Filter>ソース ファイル</Filter>
    </ClCompile>
    <ClCompile Include="Source\Application\GameObject\Memo\MemoManager.cpp">
      <Filter>ソース ファイル</Filter>
    </ClCompile>
    <ClCompile Include="Source\Application\Stage\MummyStage\Papyrus.cpp">
      <Filter>ソース ファイル</Filter>
    </ClCompile>
    <ClCompile Include="Source\Application\Stage\WaterStage\Water.cpp">
      <Filter>ソース ファイル</Filter>
    </ClCompile>
    <ClCompile Include="Source\Application\Stage\WaterStage\PapyrusWall.cpp">
      <Filter>ソース ファイル</Filter>
    </ClCompile>
    <ClCompile Include="Source\Application\Stage\WaterStage\WaterStage.cpp">
      <Filter>ソース ファイル</Filter>
    </ClCompile>
    <ClCompile Include="Source\Application\Stage\Stage.cpp">
      <Filter>ソース ファイル</Filter>
    </ClCompile>
    <ClCompile Include="Source\Application\Stage\MedjedStage\MedjedStage.cpp">
      <Filter>ソース ファイル</Filter>
    </ClCompile>
    <ClCompile Include="Source\Application\Stage\WaterStage\Block.cpp">
      <Filter>ソース ファイル</Filter>
    </ClCompile>
    <ClCompile Include="Source\Application\GameObject\Puzzle\SlidePuzzleSystem.cpp">
      <Filter>ソース ファイル</Filter>
    </ClCompile>
    <ClCompile Include="Source\Application\GameObject\Puzzle\PuzzleObj.cpp">
      <Filter>ソース ファイル</Filter>
    </ClCompile>
    <ClCompile Include="Source\Application\Stage\AmenStage\AmenStage.cpp">
      <Filter>ソース ファイル</Filter>
    </ClCompile>
    <ClCompile Include="Source\Application\Stage\AmenStage\AmenRa.cpp">
      <Filter>ソース ファイル</Filter>
    </ClCompile>
    <ClCompile Include="Source\Application\GameObject\UI\PauseScreen.cpp">
      <Filter>ソース ファイル</Filter>
    </ClCompile>
    <ClCompile Include="Source\Application\Stage\MummyStage\MummyRoom.cpp">
      <Filter>ソース ファイル</Filter>
    </ClCompile>
    <ClCompile Include="Source\Application\GameObject\UI\CurPos.cpp">
      <Filter>ソース ファイル</Filter>
    </ClCompile>
    <ClCompile Include="Source\Application\Stage\MummyStage\DummyMummy.cpp">
      <Filter>ソース ファイル</Filter>
    </ClCompile>
    <ClCompile Include="Source\Application\Loader\ModelFactory.cpp">
      <Filter>ソース ファイル</Filter>
    </ClCompile>
    <ClCompile Include="Source\Application\Loader\SoundFactory.cpp">
      <Filter>ソース ファイル</Filter>
    </ClCompile>
    <ClCompile Include="Source\Application\Loader\TextureFactory.cpp">
      <Filter>ソース ファイル</Filter>
    </ClCompile>
    <ClCompile Include="Source\Engine\FreeTypeManager\FreeTypeManager.cpp">
      <Filter>ソース ファイル</Filter>
    </ClCompile>
    <ClCompile Include="Source\Engine\FreeTypeManager\Text.cpp">
      <Filter>ソース ファイル</Filter>
    </ClCompile>
    <ClCompile Include="Source\Application\Scene\FreeTypeScene.cpp">
      <Filter>ソース ファイル</Filter>
    </ClCompile>
    <ClCompile Include="Source\Engine\Mesh\Font\Font.cpp">
      <Filter>ソース ファイル</Filter>
    </ClCompile>
    <ClCompile Include="Source\Engine\Mesh\SkyBox\Skybox.cpp">
      <Filter>ソース ファイル</Filter>
    </ClCompile>
    <ClCompile Include="Source\Engine\RenderTexture\RenderTexture.cpp">
      <Filter>ソース ファイル</Filter>
    </ClCompile>
    <ClCompile Include="Source\Engine\LevelEditor\LevelEditor.cpp">
      <Filter>ソース ファイル</Filter>
    </ClCompile>
    <ClCompile Include="Source\Engine\Math\Structs\AABB.cpp">
      <Filter>ソース ファイル</Filter>
    </ClCompile>
    <ClCompile Include="Source\Engine\Mesh\LineMesh\LineMesh.cpp">
      <Filter>ソース ファイル</Filter>
    </ClCompile>
    <ClCompile Include="Source\Engine\PostProcessManager\PostProcessManager.cpp">
      <Filter>ソース ファイル</Filter>
    </ClCompile>
    <ClCompile Include="Source\Engine\TimeManager\TimeManager.cpp">
      <Filter>ソース ファイル</Filter>
    </ClCompile>
    <ClCompile Include="Source\Application\Stage\StageManager.cpp">
      <Filter>ソース ファイル</Filter>
    </ClCompile>
    <ClCompile Include="Source\Application\GameObject\Beam\Beam.cpp">
      <Filter>ソース ファイル</Filter>
    </ClCompile>
    <ClCompile Include="Source\Engine\Object3d\BeamObject3d.cpp">
      <Filter>ソース ファイル</Filter>
    </ClCompile>
    <ClCompile Include="Source\Application\GameObject\Beam\BeamManager.cpp">
      <Filter>ソース ファイル</Filter>
    </ClCompile>
    <ClCompile Include="Source\Application\GameObject\Beam\ShotBeamManager.cpp">
      <Filter>ソース ファイル</Filter>
    </ClCompile>
    <ClCompile Include="Source\Engine\Object3d\ObjectManager\ObjectManager.cpp">
      <Filter>ソース ファイル</Filter>
    </ClCompile>
    <ClCompile Include="Source\Engine\LineObject3d\LineObject3d.cpp">
      <Filter>ソース ファイル</Filter>
    </ClCompile>
    <ClCompile Include="Source\Application\Stage\AnubisStage\AnubisStage.cpp">
      <Filter>ソース ファイル</Filter>
    </ClCompile>
    <ClCompile Include="Source\Application\GameObject\Fountain\Fountain.cpp">
      <Filter>ソース ファイル</Filter>
    </ClCompile>
    <ClCompile Include="Source\Engine\Object3d\ObjectManager\ObjectCommandManager.cpp">
      <Filter>ソース ファイル</Filter>
    </ClCompile>
    <ClCompile Include="Source\Engine\Mesh\Primitive\Primitive.cpp">
      <Filter>ソース ファイル</Filter>
    </ClCompile>
  </ItemGroup>
  <ItemGroup>
    <ClInclude Include="Source\Engine\Math\Structs\AABB.h">
      <Filter>ヘッダー ファイル\Engine\Math</Filter>
    </ClInclude>
    <ClInclude Include="Source\Engine\Camera\Camera.h">
      <Filter>ヘッダー ファイル\Engine\Camera</Filter>
    </ClInclude>
    <ClInclude Include="Source\Engine\Math\Collision\Collision.h">
      <Filter>ヘッダー ファイル\Engine\Math</Filter>
    </ClInclude>
    <ClInclude Include="Source\Engine\Math\CoordinateTransform\CoordinateTransform.h">
      <Filter>ヘッダー ファイル\Engine\Math</Filter>
    </ClInclude>
    <ClInclude Include="Source\Engine\Math\Cotangent\cotangent.h">
      <Filter>ヘッダー ファイル\Engine\Math</Filter>
    </ClInclude>
    <ClInclude Include="Source\Engine\Camera\DebugCamera.h">
      <Filter>ヘッダー ファイル\Engine\Camera</Filter>
    </ClInclude>
    <ClInclude Include="Source\Engine\ImGui\DebugUI.h">
      <Filter>ヘッダー ファイル\Engine\ImGui</Filter>
    </ClInclude>
    <ClInclude Include="Source\Engine\Mesh\Grid\DrawGrid.h">
      <Filter>ヘッダー ファイル\Engine\Mesh</Filter>
    </ClInclude>
    <ClInclude Include="Source\Engine\Math\Lerp\Easing.h">
      <Filter>ヘッダー ファイル\Engine\Math</Filter>
    </ClInclude>
    <ClInclude Include="Source\Engine\ImGui\ImGuiClass.h">
      <Filter>ヘッダー ファイル\Engine\ImGui</Filter>
    </ClInclude>
    <ClInclude Include="Source\Engine\Input\Input.h">
      <Filter>ヘッダー ファイル\Engine\Input</Filter>
    </ClInclude>
    <ClInclude Include="Source\Engine\Math\Lerp\Lerp.h">
      <Filter>ヘッダー ファイル\Engine\Math</Filter>
    </ClInclude>
    <ClInclude Include="Source\Engine\Math\Structs\Line.h">
      <Filter>ヘッダー ファイル\Engine\Math</Filter>
    </ClInclude>
    <ClInclude Include="Source\Engine\Math\Matrix\MakeMatrix.h">
      <Filter>ヘッダー ファイル\Engine\Math</Filter>
    </ClInclude>
    <ClInclude Include="Source\Engine\Surface\MaterialData.h">
      <Filter>ヘッダー ファイル\Engine\Surface</Filter>
    </ClInclude>
    <ClInclude Include="Source\Engine\Surface\MaterialResource.h">
      <Filter>ヘッダー ファイル\Engine\Surface</Filter>
    </ClInclude>
    <ClInclude Include="Source\Engine\Mesh\Model\Model.h">
      <Filter>ヘッダー ファイル\Engine\Mesh</Filter>
    </ClInclude>
    <ClInclude Include="Source\Engine\Mesh\Model\ModelData.h">
      <Filter>ヘッダー ファイル\Engine\Mesh</Filter>
    </ClInclude>
    <ClInclude Include="Source\Engine\Math\Matrix\Matrix3x3.h">
      <Filter>ヘッダー ファイル\Engine\Math</Filter>
    </ClInclude>
    <ClInclude Include="Source\Engine\Math\Matrix\Matrix4x4.h">
      <Filter>ヘッダー ファイル\Engine\Math</Filter>
    </ClInclude>
    <ClInclude Include="Source\Engine\Math\Structs\Plane.h">
      <Filter>ヘッダー ファイル\Engine\Math</Filter>
    </ClInclude>
    <ClInclude Include="Source\Engine\Math\Structs\Triangle.h">
      <Filter>ヘッダー ファイル\Engine\Math</Filter>
    </ClInclude>
    <ClInclude Include="Source\Engine\Math\Vector\Vector2.h">
      <Filter>ヘッダー ファイル\Engine\Math</Filter>
    </ClInclude>
    <ClInclude Include="Source\Engine\Math\Vector\Vector3.h">
      <Filter>ヘッダー ファイル\Engine\Math</Filter>
    </ClInclude>
    <ClInclude Include="Source\Engine\Math\Vector\Vector4.h">
      <Filter>ヘッダー ファイル\Engine\Math</Filter>
    </ClInclude>
    <ClInclude Include="Source\Engine\Math\WorldTransform\WorldTransform.h">
      <Filter>ヘッダー ファイル\Engine\Math</Filter>
    </ClInclude>
    <ClInclude Include="Source\Engine\Sound\Sound.h">
      <Filter>ヘッダー ファイル\Engine\Sound</Filter>
    </ClInclude>
    <ClInclude Include="Source\Engine\Math\Structs\Pendulum.h">
      <Filter>ヘッダー ファイル\Engine\Math</Filter>
    </ClInclude>
    <ClInclude Include="Source\Engine\Math\Structs\Transform.h">
      <Filter>ヘッダー ファイル\Engine\Math</Filter>
    </ClInclude>
    <ClInclude Include="Source\Engine\Math\Matrix\TransformationMatrix.h">
      <Filter>ヘッダー ファイル\Engine\Math</Filter>
    </ClInclude>
    <ClInclude Include="Source\Engine\Mesh\Sprite\Sprite.h">
      <Filter>ヘッダー ファイル\Engine\Mesh</Filter>
    </ClInclude>
    <ClInclude Include="Source\Engine\Math\Structs\Sphere.h">
      <Filter>ヘッダー ファイル\Engine\Math</Filter>
    </ClInclude>
    <ClInclude Include="Source\Engine\Math\SphericalCoordinate\SphericalCoordinate.h">
      <Filter>ヘッダー ファイル\Engine\Math</Filter>
    </ClInclude>
    <ClInclude Include="Source\Engine\PSO\BlendState.h">
      <Filter>ヘッダー ファイル\Engine\DirectXCommon</Filter>
    </ClInclude>
    <ClInclude Include="Source\Engine\DirectXCommon\CommandList.h">
      <Filter>ヘッダー ファイル\Engine\DirectXCommon</Filter>
    </ClInclude>
    <ClInclude Include="Source\Engine\DirectXCommon\CommandQueue.h">
      <Filter>ヘッダー ファイル\Engine\DirectXCommon</Filter>
    </ClInclude>
    <ClInclude Include="Source\Engine\PSO\CompileShader.h">
      <Filter>ヘッダー ファイル\Engine\DirectXCommon</Filter>
    </ClInclude>
    <ClInclude Include="Source\Engine\DirectXCommon\CrashHandler.h">
      <Filter>ヘッダー ファイル\Engine\DirectXCommon</Filter>
    </ClInclude>
    <ClInclude Include="Source\Engine\DirectXCommon\D3DResourceLeakChecker.h">
      <Filter>ヘッダー ファイル\Engine\DirectXCommon</Filter>
    </ClInclude>
    <ClInclude Include="Source\Engine\DirectXCommon\DebugError.h">
      <Filter>ヘッダー ファイル\Engine\DirectXCommon</Filter>
    </ClInclude>
    <ClInclude Include="Source\Engine\PSO\Depth.h">
      <Filter>ヘッダー ファイル\Engine\DirectXCommon</Filter>
    </ClInclude>
    <ClInclude Include="Source\Engine\DirectXCommon\DirectXCommon.h">
      <Filter>ヘッダー ファイル\Engine\DirectXCommon</Filter>
    </ClInclude>
    <ClInclude Include="Source\Engine\DirectXCommon\DXGIFactory.h">
      <Filter>ヘッダー ファイル\Engine\DirectXCommon</Filter>
    </ClInclude>
    <ClInclude Include="Source\Engine\DirectXCommon\Fence.h">
      <Filter>ヘッダー ファイル\Engine\DirectXCommon</Filter>
    </ClInclude>
    <ClInclude Include="Source\Engine\DirectXCommon\GPU.h">
      <Filter>ヘッダー ファイル\Engine\DirectXCommon</Filter>
    </ClInclude>
    <ClInclude Include="Source\Engine\PSO\InputLayout.h">
      <Filter>ヘッダー ファイル\Engine\DirectXCommon</Filter>
    </ClInclude>
    <ClInclude Include="Source\Engine\DirectXCommon\Log.h">
      <Filter>ヘッダー ファイル\Engine\DirectXCommon</Filter>
    </ClInclude>
    <ClInclude Include="Source\Engine\DirectXCommon\MyEngine.h">
      <Filter>ヘッダー ファイル\Engine\DirectXCommon</Filter>
    </ClInclude>
    <ClInclude Include="Source\Engine\Particle\Particle.h">
      <Filter>ヘッダー ファイル\Engine\DirectXCommon</Filter>
    </ClInclude>
    <ClInclude Include="Source\Engine\PSO\PSO.h">
      <Filter>ヘッダー ファイル\Engine\DirectXCommon</Filter>
    </ClInclude>
    <ClInclude Include="Source\Engine\PSO\RasterizerState.h">
      <Filter>ヘッダー ファイル\Engine\DirectXCommon</Filter>
    </ClInclude>
    <ClInclude Include="Source\Engine\DirectXCommon\RenderTargetView.h">
      <Filter>ヘッダー ファイル\Engine\DirectXCommon</Filter>
    </ClInclude>
    <ClInclude Include="Source\Engine\PSO\RootSignature.h">
      <Filter>ヘッダー ファイル\Engine\DirectXCommon</Filter>
    </ClInclude>
    <ClInclude Include="Source\Engine\DirectXCommon\ScissorRect.h">
      <Filter>ヘッダー ファイル\Engine\DirectXCommon</Filter>
    </ClInclude>
    <ClInclude Include="Source\Engine\DirectXCommon\StringUtility.h">
      <Filter>ヘッダー ファイル\Engine\DirectXCommon</Filter>
    </ClInclude>
    <ClInclude Include="Source\Engine\DirectXCommon\SwapChain.h">
      <Filter>ヘッダー ファイル\Engine\DirectXCommon</Filter>
    </ClInclude>
    <ClInclude Include="Source\Engine\DirectXCommon\TransitionBarrier.h">
      <Filter>ヘッダー ファイル\Engine\DirectXCommon</Filter>
    </ClInclude>
    <ClInclude Include="Source\Engine\DirectXCommon\Viewport.h">
      <Filter>ヘッダー ファイル\Engine\DirectXCommon</Filter>
    </ClInclude>
    <ClInclude Include="Source\Engine\DirectXCommon\Window.h">
      <Filter>ヘッダー ファイル\Engine\DirectXCommon</Filter>
    </ClInclude>
    <ClInclude Include="Source\Engine\Mesh\Sprite\SpriteCommon.h">
      <Filter>ヘッダー ファイル</Filter>
    </ClInclude>
    <ClInclude Include="Source\Engine\Surface\Texture.h">
      <Filter>ヘッダー ファイル</Filter>
    </ClInclude>
    <ClInclude Include="Source\Engine\hlslTypeToCpp.h">
      <Filter>ヘッダー ファイル</Filter>
    </ClInclude>
    <ClInclude Include="Source\Engine\Mesh\Model\ModelManager.h">
      <Filter>ヘッダー ファイル</Filter>
    </ClInclude>
    <ClInclude Include="Source\Engine\SceneManager\SceneManager.h">
      <Filter>ヘッダー ファイル</Filter>
    </ClInclude>
    <ClInclude Include="Source\Application\Scene\SampleScene.h">
      <Filter>ヘッダー ファイル</Filter>
    </ClInclude>
    <ClInclude Include="Source\Engine\Camera\SpriteCamera.h">
      <Filter>ヘッダー ファイル</Filter>
    </ClInclude>
    <ClInclude Include="Source\Engine\Math\Random\Random.h">
      <Filter>ヘッダー ファイル</Filter>
    </ClInclude>
    <ClInclude Include="Source\Engine\Math\Ray.h">
      <Filter>ヘッダー ファイル</Filter>
    </ClInclude>
    <ClInclude Include="Source\Engine\Math\Segment.h">
      <Filter>ヘッダー ファイル</Filter>
    </ClInclude>
    <ClInclude Include="Source\Engine\Math\Project.h">
      <Filter>ヘッダー ファイル</Filter>
    </ClInclude>
    <ClInclude Include="Source\Application\System\Collider.h">
      <Filter>ヘッダー ファイル</Filter>
    </ClInclude>
    <ClInclude Include="Source\Application\System\CollisionConfig.h">
      <Filter>ヘッダー ファイル</Filter>
    </ClInclude>
    <ClInclude Include="Source\Application\System\CollisionManager.h">
      <Filter>ヘッダー ファイル</Filter>
    </ClInclude>
    <ClInclude Include="Source\Engine\DirectXCommon\BlendMode.h">
      <Filter>ヘッダー ファイル</Filter>
    </ClInclude>
    <ClInclude Include="Source\Engine\SceneManager\SceneChange.h">
      <Filter>ヘッダー ファイル</Filter>
    </ClInclude>
    <ClInclude Include="Source\Engine\Object3d\Object3d.h">
      <Filter>ヘッダー ファイル</Filter>
    </ClInclude>
    <ClInclude Include="Source\Engine\SRVmanager\SrvManager.h">
      <Filter>ヘッダー ファイル</Filter>
    </ClInclude>
    <ClInclude Include="Source\Engine\Particle\ParticleEmitter.h">
      <Filter>ヘッダー ファイル</Filter>
    </ClInclude>
    <ClInclude Include="Source\Application\GameObject\Player\Player.h">
      <Filter>ヘッダー ファイル</Filter>
    </ClInclude>
    <ClInclude Include="Source\Application\GameObject\BackGround\World.h">
      <Filter>ヘッダー ファイル</Filter>
    </ClInclude>
    <ClInclude Include="Source\Application\GameObject\BackGround\Field.h">
      <Filter>ヘッダー ファイル</Filter>
    </ClInclude>
    <ClInclude Include="Source\Engine\Math\Structs\Circle.h">
      <Filter>ヘッダー ファイル</Filter>
    </ClInclude>
    <ClInclude Include="Source\Application\GameObject\CharacterState.h">
      <Filter>ヘッダー ファイル</Filter>
    </ClInclude>
    <ClInclude Include="Source\Application\GameObject\Medjed\Enemy.h">
      <Filter>ヘッダー ファイル</Filter>
    </ClInclude>
    <ClInclude Include="Source\Application\Scene\TitleScene.h">
      <Filter>ヘッダー ファイル</Filter>
    </ClInclude>
    <ClInclude Include="Source\Application\Scene\ResultScene.h">
      <Filter>ヘッダー ファイル</Filter>
    </ClInclude>
    <ClInclude Include="Source\Engine\JsonFile\JsonFile.h">
      <Filter>ヘッダー ファイル</Filter>
    </ClInclude>
    <ClInclude Include="Source\Application\GameObject\Bullet\Bullet.h">
      <Filter>ヘッダー ファイル</Filter>
    </ClInclude>
    <ClInclude Include="Source\Application\GameObject\Bullet\BulletManager.h">
      <Filter>ヘッダー ファイル</Filter>
    </ClInclude>
    <ClInclude Include="Source\Application\GameObject\Bullet\ShotBulletManager.h">
      <Filter>ヘッダー ファイル</Filter>
    </ClInclude>
    <ClInclude Include="Source\Application\GameObject\UI\HPGage.h">
      <Filter>ヘッダー ファイル</Filter>
    </ClInclude>
    <ClInclude Include="Source\Application\GameObject\UI\UIManager.h">
      <Filter>ヘッダー ファイル</Filter>
    </ClInclude>
    <ClInclude Include="Source\Application\GameObject\UI\HPIcon.h">
      <Filter>ヘッダー ファイル</Filter>
    </ClInclude>
    <ClInclude Include="Source\Application\GameObject\Medjed\DummyMedjed.h">
      <Filter>ヘッダー ファイル</Filter>
    </ClInclude>
    <ClInclude Include="Source\Application\GameObject\Medjed\Medjed.h">
      <Filter>ヘッダー ファイル</Filter>
    </ClInclude>
    <ClInclude Include="Source\Application\GameObject\BackGround\Building.h">
      <Filter>ヘッダー ファイル</Filter>
    </ClInclude>
    <ClInclude Include="Source\Game.h">
      <Filter>ヘッダー ファイル</Filter>
    </ClInclude>
    <ClInclude Include="Source\Engine\Input\VibrateManager.h">
      <Filter>ヘッダー ファイル</Filter>
    </ClInclude>
    <ClInclude Include="Source\Engine\Lights\DirectionalLightManager.h">
      <Filter>ヘッダー ファイル</Filter>
    </ClInclude>
    <ClInclude Include="Source\Engine\Lights\Light.h">
      <Filter>ヘッダー ファイル</Filter>
    </ClInclude>
    <ClInclude Include="Source\Engine\Lights\PointLightManager.h">
      <Filter>ヘッダー ファイル</Filter>
    </ClInclude>
    <ClInclude Include="Source\Application\System\LightingManager.h">
      <Filter>ヘッダー ファイル</Filter>
    </ClInclude>
    <ClInclude Include="Source\Engine\Lights\SpotLightManager.h">
      <Filter>ヘッダー ファイル</Filter>
    </ClInclude>
    <ClInclude Include="Source\Engine\SceneManager\SceneFactory.h">
      <Filter>ヘッダー ファイル</Filter>
    </ClInclude>
    <ClInclude Include="Source\Application\GameObject\Puzzle\Puzzle.h">
      <Filter>ヘッダー ファイル</Filter>
    </ClInclude>
    <ClInclude Include="Source\Engine\Math\Structs\Rect.h">
      <Filter>ヘッダー ファイル</Filter>
    </ClInclude>
    <ClInclude Include="Source\Engine\Animation\Keyframe.h">
      <Filter>ヘッダー ファイル</Filter>
    </ClInclude>
    <ClInclude Include="Source\Engine\Math\Quaternion\Quaternion.h">
      <Filter>ヘッダー ファイル</Filter>
    </ClInclude>
    <ClInclude Include="Source\Engine\Animation\NodeAnimation.h">
      <Filter>ヘッダー ファイル</Filter>
    </ClInclude>
    <ClInclude Include="Source\Engine\Object3d\AnimationObject3d.h">
      <Filter>ヘッダー ファイル</Filter>
    </ClInclude>
    <ClInclude Include="Source\Engine\Animation\Bone.h">
      <Filter>ヘッダー ファイル</Filter>
    </ClInclude>
    <ClInclude Include="Source\Engine\Animation\Node.h">
      <Filter>ヘッダー ファイル</Filter>
    </ClInclude>
    <ClInclude Include="Source\Engine\Animation\SkinCluster.h">
      <Filter>ヘッダー ファイル</Filter>
    </ClInclude>
    <ClInclude Include="Source\Engine\Animation\Animation.h">
      <Filter>ヘッダー ファイル</Filter>
    </ClInclude>
    <ClInclude Include="Source\Engine\Mesh\Model\SkinningModel.h">
      <Filter>ヘッダー ファイル</Filter>
    </ClInclude>
    <ClInclude Include="Source\Application\GameObject\Medjed\MedjedManager.h">
      <Filter>ヘッダー ファイル</Filter>
    </ClInclude>
    <ClInclude Include="Source\Application\GameObject\Item\ItemSlot.h">
      <Filter>ヘッダー ファイル</Filter>
    </ClInclude>
    <ClInclude Include="Source\Application\GameObject\Item\CrowbarItem.h">
      <Filter>ヘッダー ファイル</Filter>
    </ClInclude>
    <ClInclude Include="Source\Application\GameObject\Item\GoldHeart.h">
      <Filter>ヘッダー ファイル</Filter>
    </ClInclude>
    <ClInclude Include="Source\Application\GameObject\Item\SunMedal.h">
      <Filter>ヘッダー ファイル</Filter>
    </ClInclude>
    <ClInclude Include="Source\Application\GameObject\Item\SunRod.h">
      <Filter>ヘッダー ファイル</Filter>
    </ClInclude>
    <ClInclude Include="Source\Application\GameObject\SoundManager\SoundManager.h">
      <Filter>ヘッダー ファイル</Filter>
    </ClInclude>
    <ClInclude Include="Source\Application\GameObject\Item\ItemManager.h">
      <Filter>ヘッダー ファイル</Filter>
    </ClInclude>
    <ClInclude Include="Source\Application\GameObject\Player\RaySprite.h">
      <Filter>ヘッダー ファイル</Filter>
    </ClInclude>
    <ClInclude Include="Source\Application\GameObject\TransformAni\TransformAni.h">
      <Filter>ヘッダー ファイル</Filter>
    </ClInclude>
    <ClInclude Include="Source\Application\GameObject\Bullet\RhythmBullet.h">
      <Filter>ヘッダー ファイル</Filter>
    </ClInclude>
    <ClInclude Include="Source\Application\GameObject\BackGround\BackGround.h">
      <Filter>ヘッダー ファイル</Filter>
    </ClInclude>
    <ClInclude Include="Source\Application\GameObject\Player\EyeCollider.h">
      <Filter>ヘッダー ファイル</Filter>
    </ClInclude>
    <ClInclude Include="Source\Application\Stage\MummyStage\Mummy.h">
      <Filter>ヘッダー ファイル</Filter>
    </ClInclude>
    <ClInclude Include="Source\Application\GameObject\Bullet\RhythmManager.h">
      <Filter>ヘッダー ファイル</Filter>
    </ClInclude>
    <ClInclude Include="Source\Application\Stage\MummyStage\MummyStage.h">
      <Filter>ヘッダー ファイル</Filter>
    </ClInclude>
    <ClInclude Include="Source\Application\System\InputBind.h">
      <Filter>ヘッダー ファイル</Filter>
    </ClInclude>
    <ClInclude Include="Source\Application\Stage\Platform.h">
      <Filter>ヘッダー ファイル</Filter>
    </ClInclude>
    <ClInclude Include="Source\Application\GameObject\Memo\Memo.h">
      <Filter>ヘッダー ファイル</Filter>
    </ClInclude>
    <ClInclude Include="Source\Application\GameObject\Memo\MemoManager.h">
      <Filter>ヘッダー ファイル</Filter>
    </ClInclude>
    <ClInclude Include="Source\Application\Stage\MummyStage\Papyrus.h">
      <Filter>ヘッダー ファイル</Filter>
    </ClInclude>
    <ClInclude Include="Source\Application\Stage\WaterStage\Water.h">
      <Filter>ヘッダー ファイル</Filter>
    </ClInclude>
    <ClInclude Include="Source\Application\Stage\WaterStage\PapyrusWall.h">
      <Filter>ヘッダー ファイル</Filter>
    </ClInclude>
    <ClInclude Include="Source\Application\Stage\WaterStage\WaterStage.h">
      <Filter>ヘッダー ファイル</Filter>
    </ClInclude>
    <ClInclude Include="Source\Application\Stage\Stage.h">
      <Filter>ヘッダー ファイル</Filter>
    </ClInclude>
    <ClInclude Include="Source\Application\Stage\MedjedStage\MedjedStage.h">
      <Filter>ヘッダー ファイル</Filter>
    </ClInclude>
    <ClInclude Include="Source\Application\Stage\WaterStage\Block.h">
      <Filter>ヘッダー ファイル</Filter>
    </ClInclude>
    <ClInclude Include="Source\Application\GameObject\Puzzle\SlidePuzzleSystem.h">
      <Filter>ヘッダー ファイル</Filter>
    </ClInclude>
    <ClInclude Include="Source\Application\GameObject\Puzzle\PuzzleObj.h">
      <Filter>ヘッダー ファイル</Filter>
    </ClInclude>
    <ClInclude Include="Source\Application\Stage\AmenStage\AmenStage.h">
      <Filter>ヘッダー ファイル</Filter>
    </ClInclude>
    <ClInclude Include="Source\Application\Stage\AmenStage\AmenRa.h">
      <Filter>ヘッダー ファイル</Filter>
    </ClInclude>
    <ClInclude Include="Source\Application\GameObject\UI\PauseScreen.h">
      <Filter>ヘッダー ファイル</Filter>
    </ClInclude>
    <ClInclude Include="Source\Application\Stage\MummyStage\MummyRoom.h">
      <Filter>ヘッダー ファイル</Filter>
    </ClInclude>
    <ClInclude Include="Source\Application\GameObject\UI\CurPos.h">
      <Filter>ヘッダー ファイル</Filter>
    </ClInclude>
    <ClInclude Include="Source\Application\Stage\MummyStage\DummyMummy.h">
      <Filter>ヘッダー ファイル</Filter>
    </ClInclude>
    <ClInclude Include="Source\Application\Loader\ModelFactory.h">
      <Filter>ヘッダー ファイル</Filter>
    </ClInclude>
    <ClInclude Include="Source\Engine\TimeManager\TimeManager.h">
      <Filter>ヘッダー ファイル</Filter>
    </ClInclude>
    <ClInclude Include="Source\Application\Loader\SoundFactory.h">
      <Filter>ヘッダー ファイル</Filter>
    </ClInclude>
    <ClInclude Include="Source\Application\Loader\TextureFactory.h">
      <Filter>ヘッダー ファイル</Filter>
    </ClInclude>
    <ClInclude Include="Source\Engine\FreeTypeManager\FreeTypeManager.h">
      <Filter>ヘッダー ファイル</Filter>
    </ClInclude>
    <ClInclude Include="Source\Engine\FreeTypeManager\Text.h">
      <Filter>ヘッダー ファイル</Filter>
    </ClInclude>
    <ClInclude Include="Source\Application\Scene\FreeTypeScene.h">
      <Filter>ヘッダー ファイル</Filter>
    </ClInclude>
    <ClInclude Include="Source\Engine\Mesh\Font\Font.h">
      <Filter>ヘッダー ファイル</Filter>
    </ClInclude>
    <ClInclude Include="Source\Engine\Mesh\SkyBox\Skybox.h">
      <Filter>ヘッダー ファイル</Filter>
    </ClInclude>
    <ClInclude Include="Source\Engine\RenderTexture\RenderTexture.h">
      <Filter>ヘッダー ファイル</Filter>
    </ClInclude>
    <ClInclude Include="Source\Engine\LevelEditor\LevelEditor.h">
      <Filter>ヘッダー ファイル</Filter>
    </ClInclude>
    <ClInclude Include="Source\Engine\Mesh\LineMesh\LineMesh.h">
      <Filter>ヘッダー ファイル</Filter>
    </ClInclude>
    <ClInclude Include="Source\Engine\PostProcessManager\PostProcessManager.h">
      <Filter>ヘッダー ファイル</Filter>
    </ClInclude>
    <ClInclude Include="Source\Application\Stage\StageManager.h">
      <Filter>ヘッダー ファイル</Filter>
    </ClInclude>
    <ClInclude Include="Source\Application\GameObject\Beam\Beam.h">
      <Filter>ヘッダー ファイル</Filter>
    </ClInclude>
    <ClInclude Include="Source\Engine\Object3d\BeamObject3d.h">
      <Filter>ヘッダー ファイル</Filter>
    </ClInclude>
    <ClInclude Include="Source\Application\GameObject\Beam\BeamManager.h">
      <Filter>ヘッダー ファイル</Filter>
    </ClInclude>
    <ClInclude Include="Source\Application\GameObject\Beam\ShotBeamManager.h">
      <Filter>ヘッダー ファイル</Filter>
    </ClInclude>
    <ClInclude Include="Source\Engine\Object3d\ObjectManager\ObjectManager.h">
      <Filter>ヘッダー ファイル</Filter>
    </ClInclude>
    <ClInclude Include="Source\Engine\LineObject3d\LineObject3d.h">
      <Filter>ヘッダー ファイル</Filter>
    </ClInclude>
    <ClInclude Include="Source\Application\Stage\AnubisStage\AnubisStage.h">
      <Filter>ヘッダー ファイル</Filter>
    </ClInclude>
    <ClInclude Include="Source\Application\GameObject\Fountain\Fountain.h">
      <Filter>ヘッダー ファイル</Filter>
    </ClInclude>
    <ClInclude Include="Source\Engine\Object3d\ObjectManager\ObjectCommandBase.h">
      <Filter>ヘッダー ファイル</Filter>
    </ClInclude>
    <ClInclude Include="Source\Engine\Object3d\ObjectManager\ObjectCommandManager.h">
      <Filter>ヘッダー ファイル</Filter>
    </ClInclude>
    <ClInclude Include="Source\Engine\Mesh\MeshCommon\VertexData.h">
      <Filter>ヘッダー ファイル</Filter>
    </ClInclude>
    <ClInclude Include="Source\Engine\Mesh\MeshCommon\Balloon.h">
      <Filter>ヘッダー ファイル</Filter>
    </ClInclude>
    <ClInclude Include="Source\Engine\Mesh\MeshCommon\Wave.h">
      <Filter>ヘッダー ファイル</Filter>
    </ClInclude>
    <ClInclude Include="Source\Engine\Mesh\Primitive\Primitive.h">
      <Filter>ヘッダー ファイル</Filter>
    </ClInclude>
  </ItemGroup>
  <ItemGroup>
    <None Include="Resource\JsonFiles\config.json" />
    <None Include="Resource\JsonFiles\Boss.json" />
    <None Include="Resource\JsonFiles\notes.json" />
    <None Include="Resource\JsonFiles\memo.json" />
    <None Include="Resource\shader\Hlsli\WaveData.hlsli" />
    <None Include="Resource\shader\Hlsli\BallonData.hlsli" />
  </ItemGroup>
  <ItemGroup>
    <Image Include="Resources\numbers.png">
      <Filter>リソース ファイル</Filter>
    </Image>
    <Image Include="Resources\player.png">
      <Filter>リソース ファイル</Filter>
    </Image>
    <Image Include="Resources\uvChecker.png">
      <Filter>リソース ファイル</Filter>
    </Image>
    <Image Include="Resources\white1x1.png">
      <Filter>リソース ファイル</Filter>
    </Image>
  </ItemGroup>
  <ItemGroup>
    <Font Include="Resource\Fonts\NotoSansEgyptianHieroglyphs-Regular.ttf" />
  </ItemGroup>
</Project>