<?xml version="1.0" encoding="utf-8"?>
<Project ToolsVersion="4.0" xmlns="http://schemas.microsoft.com/developer/msbuild/2003">
  <ItemGroup>
    <ClCompile Include="Source\Engine\ComputeShaderPSO\ComputeShaderPSO.cpp" />
    <ClCompile Include="Source\Application\Stage\MeltStage\MeltStage.cpp" />
    <ClCompile Include="Source\Application\GameObject\UI\ButtonSprite\ButtonSprite.cpp" />
    <ClCompile Include="Source\Engine\PostEffectMaterial\PostEffectMaterial.cpp" />
    <ClCompile Include="Source\Application\GameObject\AnubisBlockMap\AnubisBlockMap.cpp" />
    <ClCompile Include="Source\Application\GameObject\BlockMap\BlockMap.cpp" />
    <ClCompile Include="Source\Application\GameObject\Item\Item.cpp" />
    <ClCompile Include="Source\Application\GameObject\Item\SolarDisc\SolarDisc.cpp" />
    <ClCompile Include="Source\Application\GameObject\StageChangeTrigger\StageChangeTrigger.cpp" />
    <ClCompile Include="Source\Engine\SceneManager\BaseScene\BaseScene.cpp" />
    <ClCompile Include="Source\Application\System\CollisionConfig.cpp" />
    <ClCompile Include="Source\Engine\DescriptorHeap\DescriptorHandle\DescriptorHandle.cpp" />
    <ClCompile Include="Source\Engine\DescriptorHeap\RtvDescriptorHeap\RtvDescriptorHeap.cpp" />
    <ClCompile Include="Source\Engine\DescriptorHeap\BaseDescriptor\BaseDescriptor.cpp" />
    <ClCompile Include="Source\Engine\DescriptorHeap\DsvDescriptorHeap\DsvDescriptorHeap.cpp" />
    <ClCompile Include="Source\Engine\Mesh\PrimitiveFactory\PrimitiveFactory.cpp" />
    <ClCompile Include="Source\Engine\Mesh\Primitive\Primitive.cpp" />
    <ClCompile Include="Source\Engine\ObjectManager\ObjectCommandManager.cpp" />
    <ClCompile Include="Source\Application\GameObject\Fountain\Fountain.cpp" />
    <ClCompile Include="Source\Application\Stage\AnubisStage\AnubisStage.cpp" />
    <ClCompile Include="Source\Engine\Object3d\LineObject3d\LineObject3d.cpp" />
    <ClCompile Include="Source\Application\GameObject\Beam\ShotBeamManager.cpp" />
    <ClCompile Include="Source\Application\GameObject\Beam\BeamManager.cpp" />
    <ClCompile Include="Source\Engine\Object3d\BeamObject3d\BeamObject3d.cpp" />
    <ClCompile Include="Source\Application\GameObject\Beam\Beam.cpp" />
    <ClCompile Include="Source\Engine\ObjectManager\ObjectManager.cpp" />
    <ClCompile Include="Source\Engine\PostProcessManager\PostProcessManager.cpp" />
    <ClCompile Include="Source\Engine\Mesh\LineMesh\LineMesh.cpp" />
    <ClCompile Include="Source\Engine\Math\Structs\AABB.cpp" />
    <ClCompile Include="Source\Engine\LevelEditor\LevelEditor.cpp" />
    <ClCompile Include="Source\Engine\Object3d\SkyBoxObject3d\SkyboxObject3d.cpp" />
    <ClCompile Include="Source\Engine\Mesh\Font\Font.cpp" />
    <ClCompile Include="Source\Application\Scene\FreeTypeScene\FreeTypeScene.cpp" />
    <ClCompile Include="Source\Application\Factory\SoundFactory\SoundFactory.cpp" />
    <ClCompile Include="Source\Application\GameObject\UI\CurPos.cpp" />
    <ClCompile Include="Source\Application\GameObject\DummyMummy\DummyMummy.cpp" />
    <ClCompile Include="Source\Application\GameObject\MummyRoom\MummyRoom.cpp" />
    <ClCompile Include="Source\Application\GameObject\UI\PauseScreen.cpp" />
    <ClCompile Include="Source\Application\GameObject\AmenRa\AmenRa.cpp" />
    <ClCompile Include="Source\Application\Stage\AmenStage\AmenStage.cpp" />
    <ClCompile Include="Source\Application\GameObject\Puzzle\PuzzleObj.cpp" />
    <ClCompile Include="Source\Application\GameObject\Puzzle\SlidePuzzleSystem.cpp" />
    <ClCompile Include="Source\Application\GameObject\Block\Block.cpp" />
    <ClCompile Include="Source\Application\Stage\MedjedStage\MedjedStage.cpp" />
    <ClCompile Include="Source\Application\GameObject\PapyrusWall\PapyrusWall.cpp" />
    <ClCompile Include="Source\Application\GameObject\Papyrus\Papyrus.cpp" />
    <ClCompile Include="Source\Application\GameObject\Memo\MemoManager.cpp" />
    <ClCompile Include="Source\Application\GameObject\Memo\Memo.cpp" />
    <ClCompile Include="Source\Application\GameObject\Platform\Platform.cpp" />
    <ClCompile Include="Source\Application\System\InputBind.cpp" />
    <ClCompile Include="Source\Application\Stage\MummyStage\MummyStage.cpp" />
    <ClCompile Include="Source\Application\GameObject\Bullet\RhythmManager.cpp" />
    <ClCompile Include="Source\Application\GameObject\Mummy\Mummy.cpp" />
    <ClCompile Include="Source\Application\GameObject\Player\EyePosition.cpp" />
    <ClCompile Include="Source\Application\GameObject\BackGround\BackGround.cpp" />
    <ClCompile Include="Source\Application\GameObject\Bullet\RhythmBullet.cpp" />
    <ClCompile Include="Source\Application\GameObject\Player\RaySprite.cpp" />
    <ClCompile Include="Source\Application\GameObject\ItemManager\ItemManager.cpp" />
    <ClCompile Include="Source\Application\GameObject\SoundManager\SoundManager.cpp" />
    <ClCompile Include="Source\Application\GameObject\Item\GoldHeart\GoldHeart.cpp" />
    <ClCompile Include="Source\Application\GameObject\Item\Crowbar\Crowbar.cpp" />
    <ClCompile Include="Source\Application\GameObject\ItemSlot\ItemSlot.cpp" />
    <ClCompile Include="Source\Application\GameObject\Medjed\MedjedManager.cpp" />
    <ClCompile Include="Source\Engine\FreeTypeManager\FreeTypeManager.cpp" />
    <ClCompile Include="Source\Engine\Math\Structs\Line.cpp" />
    <ClCompile Include="Source\Application\Factory\ModelFactory\ModelFactory.cpp" />
    <ClCompile Include="Source\Engine\Mesh\Model\SkinningModel.cpp" />
    <ClCompile Include="Source\Engine\Animation\Bone.cpp" />
    <ClCompile Include="Source\Engine\Animation\SkinCluster.cpp" />
    <ClCompile Include="Source\Engine\Object3d\AnimationObject3d\AnimationObject3d.cpp" />
    <ClCompile Include="Source\Engine\Animation\Animation.cpp" />
    <ClCompile Include="Source\Application\GameObject\Puzzle\Puzzle.cpp" />
    <ClCompile Include="Source\Engine\Math\Quaternion\Quaternion.cpp" />
    <ClCompile Include="Source\Application\Factory\SceneFactory\SceneFactory.cpp" />
    <ClCompile Include="Source\Application\System\LightingManager.cpp" />
    <ClCompile Include="Source\Engine\Input\VibrateManager.cpp" />
    <ClCompile Include="Source\Engine\Lights\DirectionalLightManager.cpp" />
    <ClCompile Include="Source\Engine\Lights\PointLightManager.cpp" />
    <ClCompile Include="Source\Engine\Lights\SpotLightManager.cpp" />
    <ClCompile Include="Source\Engine\TimeManager\TimeManager.cpp" />
    <ClCompile Include="Source\Game.cpp" />
    <ClCompile Include="Source\Application\GameObject\Building\Building.cpp" />
    <ClCompile Include="Source\Application\GameObject\Medjed\DummyMedjed.cpp" />
    <ClCompile Include="Source\Application\GameObject\Medjed\Medjed.cpp" />
    <ClCompile Include="Source\Application\GameObject\UI\HPIcon.cpp" />
    <ClCompile Include="Source\Application\GameObject\UI\HPGage.cpp" />
    <ClCompile Include="Source\Application\GameObject\Bullet\ShotBulletManager.cpp" />
    <ClCompile Include="Source\Application\GameObject\Bullet\BulletManager.cpp" />
    <ClCompile Include="Source\Application\GameObject\Bullet\Bullet.cpp" />
    <ClCompile Include="Source\Application\Scene\ResultScene\ResultScene.cpp" />
    <ClCompile Include="Source\Application\GameObject\Medjed\Enemy.cpp" />
    <ClCompile Include="Source\Application\GameObject\Field\Field.cpp" />
    <ClCompile Include="Source\Application\GameObject\Player\Player.cpp" />
    <ClCompile Include="Source\Application\System\Collider.cpp" />
    <ClCompile Include="Source\Engine\JsonFile\JsonFile.cpp" />
    <ClCompile Include="Source\Engine\Particle\ParticleEmitter.cpp" />
    <ClCompile Include="Source\Engine\Object3d\Object3d\Object3d.cpp" />
    <ClCompile Include="Source\Engine\SceneManager\SceneChange.cpp" />
    <ClCompile Include="Source\Application\System\CollisionManager.cpp" />
    <ClCompile Include="Source\Engine\Math\Matrix\Matrix3x3.cpp" />
    <ClCompile Include="Source\Engine\SceneManager\SceneManager.cpp" />
    <ClCompile Include="Source\Application\Scene\GameScene\GameScene.cpp" />
    <ClCompile Include="Source\Engine\Mesh\ModelManager\ModelManager.cpp" />
    <ClCompile Include="Source\Engine\DirectXCommon\DirectXCommon.cpp" />
    <ClCompile Include="Source\Engine\Particle\Particle.cpp" />
    <ClCompile Include="Source\Engine\ButtobiEngine.cpp" />
    <ClCompile Include="Source\Engine\ImGui\DebugUI.cpp" />
    <ClCompile Include="Source\Engine\Mesh\Grid\DrawGrid.cpp" />
    <ClCompile Include="Source\Engine\Math\Collision\Collision.cpp" />
    <ClCompile Include="Source\Engine\Math\Vector\Vector2.cpp" />
    <ClCompile Include="Source\Engine\Math\Vector\Vector4.cpp" />
    <ClCompile Include="Source\Engine\PSO\RootSignature.cpp" />
    <ClCompile Include="Source\Engine\PSO\InputLayout.cpp" />
    <ClCompile Include="Source\Engine\DirectXCommon\GPU.cpp" />
    <ClCompile Include="Source\Engine\ImGui\ImGuiClass.cpp" />
    <ClCompile Include="Source\Engine\Math\Easing\Easing.cpp" />
    <ClCompile Include="Source\Engine\Math\Lerp\Lerp.cpp" />
    <ClCompile Include="Source\Engine\Math\Matrix\Matrix4x4.cpp" />
    <ClCompile Include="Source\Engine\Math\Vector\Vector3.cpp" />
    <ClCompile Include="Source\Engine\Math\WorldTransform\WorldTransform.cpp" />
    <ClCompile Include="Source\Engine\DirectXCommon\ScissorRect.cpp" />
    <ClCompile Include="Source\Engine\PSO\BlendState.cpp" />
    <ClCompile Include="Source\Engine\PSO\CompileShader.cpp" />
    <ClCompile Include="Source\Engine\DirectXCommon\Log.cpp" />
    <ClCompile Include="Source\Engine\DirectXCommon\Fence.cpp" />
    <ClCompile Include="Source\Engine\DirectXCommon\DebugError.cpp" />
    <ClCompile Include="Source\Engine\PSO\PSO.cpp" />
    <ClCompile Include="Source\Engine\PSO\RasterizerState.cpp" />
    <ClCompile Include="Source\Engine\DirectXCommon\RenderTargetView.cpp" />
    <ClCompile Include="Source\Engine\DirectXCommon\CommandList.cpp" />
    <ClCompile Include="Source\Engine\DirectXCommon\CommandQueue.cpp" />
    <ClCompile Include="Source\Engine\DirectXCommon\DXGIFactory.cpp" />
    <ClCompile Include="Source\Engine\Camera\Camera.cpp" />
    <ClCompile Include="Source\Engine\Camera\DebugCamera.cpp" />
    <ClCompile Include="Source\main.cpp" />
    <ClCompile Include="Source\Engine\Math\Cotangent\cotangent.cpp" />
    <ClCompile Include="Source\Engine\PSO\Depth.cpp" />
    <ClCompile Include="Source\Engine\Input\Input.cpp" />
    <ClCompile Include="Source\Engine\Math\Matrix\MakeMatrix.cpp" />
    <ClCompile Include="Source\Engine\Surface\MaterialData.cpp" />
    <ClCompile Include="Source\Engine\Math\SphericalCoordinate\SphericalCoordinate.cpp" />
    <ClCompile Include="Source\Engine\Sound\Sound.cpp" />
    <ClCompile Include="Source\Engine\Math\CoordinateTransform\CoordinateTransform.cpp" />
    <ClCompile Include="Source\Engine\DirectXCommon\Window.cpp" />
    <ClCompile Include="Source\Engine\DirectXCommon\SwapChain.cpp" />
    <ClCompile Include="Source\Engine\DirectXCommon\TransitionBarrier.cpp" />
    <ClCompile Include="Source\Engine\DirectXCommon\Viewport.cpp" />
    <ClCompile Include="Source\Engine\Mesh\Sprite\Sprite.cpp" />
    <ClCompile Include="Source\Engine\DirectXCommon\StringUtility.cpp" />
    <ClCompile Include="Source\Engine\Mesh\Sprite\SpriteCommon.cpp" />
    <ClCompile Include="Source\Engine\Surface\Texture.cpp" />
    <ClCompile Include="Source\Engine\Camera\SpriteCamera.cpp" />
    <ClCompile Include="Source\Application\GameObject\World\World.cpp" />
    <ClCompile Include="Source\Application\Scene\TitleScene\TitleScene.cpp" />
    <ClCompile Include="Source\Application\GameObject\UI\UIManager.cpp" />
    <ClCompile Include="Source\Application\GameObject\Item\SunMedal\SunMedal.cpp" />
    <ClCompile Include="Source\Application\GameObject\Item\SunRod\SunRod.cpp" />
    <ClCompile Include="Source\Application\GameObject\TransformAni\TransformAni.cpp" />
    <ClCompile Include="Source\Application\GameObject\Water\Water.cpp" />
    <ClCompile Include="Source\Application\Stage\WaterStage\WaterStage.cpp" />
    <ClCompile Include="Source\Application\Stage\Stage.cpp" />
    <ClCompile Include="Source\Application\Factory\TextureFactory\TextureFactory.cpp" />
    <ClCompile Include="Source\Engine\FreeTypeManager\Text.cpp" />
    <ClCompile Include="Source\Application\StageManager\StageManager.cpp" />
    <ClCompile Include="Source\Engine\DescriptorHeap\CbvSrvUavDescriptorHeap\CbvSrvUavDescriptorHeap.cpp" />
    <ClCompile Include="Source\Application\GameObject\Thoth\Thoth.cpp" />
    <ClCompile Include="Source\Engine\RenderTexture\RenderTexture.cpp" />
    <ClCompile Include="Source\Engine\ResourceManager\ResourceManager.cpp" />
    <ClCompile Include="Source\Engine\DepthTexture\DepthTexture.cpp" />
    <ClCompile Include="Source\Application\GameObject\MeltBlockMap\MeltBlockMap.cpp" />
    <ClCompile Include="Source\Application\Stage\BastetStage\BastetStage.cpp" />
    <ClCompile Include="Source\Application\GameObject\Bastet\Bastet.cpp" />
    <ClCompile Include="Source\Application\GameObject\BastetBlockMap\BastetBlockMap.cpp" />
    <ClCompile Include="Source\Engine\Mesh\Model\Model.cpp" />
    <ClCompile Include="Source\Engine\Particle\GPUParticle.cpp" />
    <ClCompile Include="Source\Engine\Particle\GPUParticleEmitter\GPUParticleEmitter.cpp" />
    <ClCompile Include="Source\ColliderObject\ColliderObject.cpp" />
    <ClCompile Include="Source\Application\GameObject\ResultMedjed\ResultMedjed.cpp" />
    <ClCompile Include="Source\Application\GameObject\Item\Glass\Glass.cpp" />
    <ClCompile Include="Source\Application\GameObject\Item\Scarab\Scarab.cpp" />
    <ClCompile Include="Source\Application\Stage\Entrance\Entrance.cpp" />
    <ClCompile Include="Source\Application\Stage\InformationStage\InformationStage.cpp" />
    <ClCompile Include="Source\Application\GameObject\InformationRoom\InformationRoom.cpp" />
    <ClCompile Include="Source\Application\GameObject\Gate\Gate.cpp" />
    <ClCompile Include="Source\Application\GameObject\GateSensor\GateSensor.cpp" />
    <ClCompile Include="Source\Application\GameObject\Item\Ticket\Ticket.cpp" />
    <ClCompile Include="PasswordText.cpp" />
  </ItemGroup>
  <ItemGroup>
    <ClInclude Include="Source\Engine\ComputeShaderPSO\ComputeShaderPSO.h" />
    <ClInclude Include="Source\Application\Stage\MeltStage\MeltStage.h" />
    <ClInclude Include="Source\Application\GameObject\UI\ButtonSprite\ButtonSprite.h" />
    <ClInclude Include="Source\Engine\PostEffectMaterial\PostEffectMaterial.h" />
    <ClInclude Include="Source\Application\GameObject\AnubisBlockMap\AnubisBlockMap.h" />
    <ClInclude Include="Source\Application\GameObject\BlockMap\BlockMap.h" />
    <ClInclude Include="Source\Application\GameObject\Item\Item.h" />
    <ClInclude Include="Source\Application\GameObject\Item\SolarDisc\SolarDisc.h" />
    <ClInclude Include="Source\Application\GameObject\StageChangeTrigger\StageChangeTrigger.h" />
    <ClInclude Include="Source\Engine\LevelData\LevelData.h" />
    <ClInclude Include="Source\Engine\SceneManager\BaseScene\BaseScene.h" />
    <ClInclude Include="Source\Engine\DescriptorHeap\DescriptorHandle\DescriptorHandle.h" />
    <ClInclude Include="Source\Engine\DescriptorHeap\RtvDescriptorHeap\RtvDescriptorHeap.h" />
    <ClInclude Include="Source\Engine\DescriptorHeap\BaseDescriptor\BaseDescriptor.h" />
    <ClInclude Include="Source\Engine\DescriptorHeap\DsvDescriptorHeap\DsvDescriptorHeap.h" />
    <ClInclude Include="Source\Engine\Math\Matrix\CameraMatrix.h" />
    <ClInclude Include="Source\Engine\Mesh\PrimitiveFactory\PrimitiveFactory.h" />
    <ClInclude Include="Source\Engine\Mesh\Primitive\Primitive.h" />
    <ClInclude Include="Source\Engine\ObjectManager\ObjectCommandManager.h" />
    <ClInclude Include="Source\Engine\ObjectManager\ObjectCommandBase.h" />
    <ClInclude Include="Source\Application\GameObject\Fountain\Fountain.h" />
    <ClInclude Include="Source\Application\Stage\AnubisStage\AnubisStage.h" />
    <ClInclude Include="Source\Engine\Object3d\LineObject3d\LineObject3d.h" />
    <ClInclude Include="Source\Application\GameObject\Beam\ShotBeamManager.h" />
    <ClInclude Include="Source\Application\GameObject\Beam\BeamManager.h" />
    <ClInclude Include="Source\Engine\Object3d\BeamObject3d\BeamObject3d.h" />
    <ClInclude Include="Source\Application\GameObject\Beam\Beam.h" />
    <ClInclude Include="Source\Engine\ObjectManager\ObjectManager.h" />
    <ClInclude Include="Source\Engine\PostProcessManager\PostProcessManager.h" />
    <ClInclude Include="Source\Engine\Mesh\LineMesh\LineMesh.h" />
    <ClInclude Include="Source\Engine\LevelEditor\LevelEditor.h" />
    <ClInclude Include="Source\Engine\RenderTexture\RenderTexture.h" />
    <ClInclude Include="Source\Engine\Object3d\SkyBoxObject3d\SkyboxObject3d.h" />
    <ClInclude Include="Source\Engine\Mesh\Font\Font.h" />
    <ClInclude Include="Source\Application\Scene\FreeTypeScene\FreeTypeScene.h" />
    <ClInclude Include="Source\Application\Factory\SoundFactory\SoundFactory.h" />
    <ClInclude Include="Source\Application\GameObject\UI\CurPos.h" />
    <ClInclude Include="Source\Application\GameObject\DummyMummy\DummyMummy.h" />
    <ClInclude Include="Source\Application\GameObject\MummyRoom\MummyRoom.h" />
    <ClInclude Include="Source\Application\GameObject\UI\PauseScreen.h" />
    <ClInclude Include="Source\Application\GameObject\AmenRa\AmenRa.h" />
    <ClInclude Include="Source\Application\Stage\AmenStage\AmenStage.h" />
    <ClInclude Include="Source\Application\GameObject\Puzzle\PuzzleObj.h" />
    <ClInclude Include="Source\Application\GameObject\Puzzle\SlidePuzzleSystem.h" />
    <ClInclude Include="Source\Application\GameObject\Block\Block.h" />
    <ClInclude Include="Source\Application\Stage\MedjedStage\MedjedStage.h" />
    <ClInclude Include="Source\Application\GameObject\PapyrusWall\PapyrusWall.h" />
    <ClInclude Include="Source\Application\GameObject\Papyrus\Papyrus.h" />
    <ClInclude Include="Source\Application\GameObject\Memo\MemoManager.h" />
    <ClInclude Include="Source\Application\GameObject\Memo\Memo.h" />
    <ClInclude Include="Source\Application\GameObject\Platform\Platform.h" />
    <ClInclude Include="Source\Application\System\InputBind.h" />
    <ClInclude Include="Source\Application\Stage\MummyStage\MummyStage.h" />
    <ClInclude Include="Source\Application\GameObject\Bullet\RhythmManager.h" />
    <ClInclude Include="Source\Application\GameObject\Mummy\Mummy.h" />
    <ClInclude Include="Source\Application\GameObject\Player\EyePosition.h" />
    <ClInclude Include="Source\Application\GameObject\BackGround\BackGround.h" />
    <ClInclude Include="Source\Application\GameObject\Bullet\RhythmBullet.h" />
    <ClInclude Include="Source\Application\GameObject\Player\RaySprite.h" />
    <ClInclude Include="Source\Application\GameObject\ItemManager\ItemManager.h" />
    <ClInclude Include="Source\Application\GameObject\SoundManager\SoundManager.h" />
    <ClInclude Include="Source\Application\GameObject\Item\GoldHeart\GoldHeart.h" />
    <ClInclude Include="Source\Application\GameObject\Item\Crowbar\Crowbar.h" />
    <ClInclude Include="Source\Application\GameObject\ItemSlot\ItemSlot.h" />
    <ClInclude Include="Source\Application\GameObject\Medjed\MedjedManager.h" />
    <ClInclude Include="Source\Application\Factory\ModelFactory\ModelFactory.h" />
    <ClInclude Include="Source\Engine\FreeTypeManager\FreeTypeManager.h" />
    <ClInclude Include="Source\Engine\Mesh\Model\SkinningModel.h" />
    <ClInclude Include="Source\Engine\Animation\Animation.h" />
    <ClInclude Include="Source\Engine\Animation\Bone.h" />
    <ClInclude Include="Source\Engine\Animation\Node.h" />
    <ClInclude Include="Source\Engine\Animation\SkinCluster.h" />
    <ClInclude Include="Source\Engine\Object3d\AnimationObject3d\AnimationObject3d.h" />
    <ClInclude Include="Source\Application\GameObject\Puzzle\Puzzle.h" />
    <ClInclude Include="Source\Engine\Animation\Keyframe.h" />
    <ClInclude Include="Source\Engine\Animation\NodeAnimation.h" />
    <ClInclude Include="Source\Engine\Math\Quaternion\Quaternion.h" />
    <ClInclude Include="Source\Engine\Math\Structs\Rect.h" />
    <ClInclude Include="Source\Application\Factory\SceneFactory\SceneFactory.h" />
    <ClInclude Include="Source\Application\System\LightingManager.h" />
    <ClInclude Include="Source\Engine\Input\VibrateManager.h" />
    <ClInclude Include="Source\Engine\Lights\DirectionalLightManager.h" />
    <ClInclude Include="Source\Engine\Lights\Light.h" />
    <ClInclude Include="Source\Engine\Lights\PointLightManager.h" />
    <ClInclude Include="Source\Engine\Lights\SpotLightManager.h" />
    <ClInclude Include="Source\Engine\TimeManager\TimeManager.h" />
    <ClInclude Include="Source\Game.h" />
    <ClInclude Include="Source\Application\GameObject\Building\Building.h" />
    <ClInclude Include="Source\Application\GameObject\Medjed\DummyMedjed.h" />
    <ClInclude Include="Source\Application\GameObject\Medjed\Medjed.h" />
    <ClInclude Include="Source\Application\GameObject\UI\HPIcon.h" />
    <ClInclude Include="Source\Application\GameObject\UI\HPGage.h" />
    <ClInclude Include="Source\Application\GameObject\Bullet\ShotBulletManager.h" />
    <ClInclude Include="Source\Application\GameObject\Bullet\BulletManager.h" />
    <ClInclude Include="Source\Application\GameObject\Bullet\Bullet.h" />
    <ClInclude Include="Source\Application\Scene\ResultScene\ResultScene.h" />
    <ClInclude Include="Source\Application\GameObject\Medjed\Enemy.h" />
    <ClInclude Include="Source\Application\GameObject\CharacterState.h" />
    <ClInclude Include="Source\Application\GameObject\Field\Field.h" />
    <ClInclude Include="Source\Application\GameObject\Player\Player.h" />
    <ClInclude Include="Source\Engine\JsonFile\JsonFile.h" />
    <ClInclude Include="Source\Engine\Math\Structs\Circle.h" />
    <ClInclude Include="Source\Engine\Particle\ParticleEmitter.h" />
    <ClInclude Include="Source\Engine\Object3d\Object3d\Object3d.h" />
    <ClInclude Include="Source\Engine\SceneManager\SceneChange.h" />
    <ClInclude Include="Source\Engine\Mesh\MeshCommon\VertexData.h" />
    <ClInclude Include="Source\Engine\DirectXCommon\BlendMode.h" />
    <ClInclude Include="Source\Application\System\Collider.h" />
    <ClInclude Include="Source\Application\System\CollisionConfig.h" />
    <ClInclude Include="Source\Application\System\CollisionManager.h" />
    <ClInclude Include="Source\Engine\Math\Random\Random.h" />
    <ClInclude Include="Source\Engine\SceneManager\SceneManager.h" />
    <ClInclude Include="Source\Application\Scene\GameScene\GameScene.h" />
    <ClInclude Include="Source\Engine\Mesh\ModelManager\ModelManager.h" />
    <ClInclude Include="Source\Engine\DirectXCommon\DirectXCommon.h" />
    <ClInclude Include="Source\Engine\hlslTypeToCpp.h" />
    <ClInclude Include="Source\Engine\Particle\Particle.h" />
    <ClInclude Include="Source\Engine\ButtobiEngine.h" />
    <ClInclude Include="Source\Engine\Mesh\MeshCommon\Balloon.h" />
    <ClInclude Include="Source\Engine\PSO\BlendState.h" />
    <ClInclude Include="Source\Engine\Camera\Camera.h" />
    <ClInclude Include="Source\Engine\DirectXCommon\CommandList.h" />
    <ClInclude Include="Source\Engine\DirectXCommon\CommandQueue.h" />
    <ClInclude Include="Source\Engine\PSO\CompileShader.h" />
    <ClInclude Include="Source\Engine\DirectXCommon\CrashHandler.h" />
    <ClInclude Include="Source\Engine\DirectXCommon\D3DResourceLeakChecker.h" />
    <ClInclude Include="Source\Engine\Camera\DebugCamera.h" />
    <ClInclude Include="Source\Engine\DirectXCommon\DebugError.h" />
    <ClInclude Include="Source\Engine\ImGui\DebugUI.h" />
    <ClInclude Include="Source\Engine\PSO\Depth.h" />
    <ClInclude Include="Source\Engine\Mesh\Grid\DrawGrid.h" />
    <ClInclude Include="Source\Engine\DirectXCommon\DXGIFactory.h" />
    <ClInclude Include="Source\Engine\DirectXCommon\Fence.h" />
    <ClInclude Include="Source\Engine\DirectXCommon\GPU.h" />
    <ClInclude Include="Source\Engine\ImGui\ImGuiClass.h" />
    <ClInclude Include="Source\Engine\Input\Input.h" />
    <ClInclude Include="Source\Engine\PSO\InputLayout.h" />
    <ClInclude Include="Source\Engine\DirectXCommon\Log.h" />
    <ClInclude Include="Source\Engine\Surface\MaterialData.h" />
    <ClInclude Include="Source\Engine\Math\Structs\AABB.h" />
    <ClInclude Include="Source\Engine\Math\Collision\Collision.h" />
    <ClInclude Include="Source\Engine\Math\CoordinateTransform\CoordinateTransform.h" />
    <ClInclude Include="Source\Engine\Math\Cotangent\cotangent.h" />
    <ClInclude Include="Source\Engine\Math\Easing\Easing.h" />
    <ClInclude Include="Source\Engine\Math\Lerp\Lerp.h" />
    <ClInclude Include="Source\Engine\Math\Structs\Line.h" />
    <ClInclude Include="Source\Engine\Math\Matrix\MakeMatrix.h" />
    <ClInclude Include="Source\Engine\Math\Matrix\Matrix3x3.h" />
    <ClInclude Include="Source\Engine\Math\Matrix\Matrix4x4.h" />
    <ClInclude Include="Source\Engine\Math\Structs\Pendulum.h" />
    <ClInclude Include="Source\Engine\Math\Structs\Plane.h" />
    <ClInclude Include="Source\Engine\Math\Ray.h" />
    <ClInclude Include="Source\Engine\Math\Segment.h" />
    <ClInclude Include="Source\Engine\Math\Project.h" />
    <ClInclude Include="Source\Engine\Math\Structs\Sphere.h" />
    <ClInclude Include="Source\Engine\Math\SphericalCoordinate\SphericalCoordinate.h" />
    <ClInclude Include="Source\Engine\Math\Structs\Transform.h" />
    <ClInclude Include="Source\Engine\Math\Structs\Triangle.h" />
    <ClInclude Include="Source\Engine\Math\Vector\Vector2.h" />
    <ClInclude Include="Source\Engine\Math\Vector\Vector3.h" />
    <ClInclude Include="Source\Engine\Math\Vector\Vector4.h" />
    <ClInclude Include="Source\Engine\Math\WorldTransform\WorldTransform.h" />
    <ClInclude Include="Source\Engine\Mesh\Model\Model.h" />
    <ClInclude Include="Source\Engine\Mesh\Model\ModelData.h" />
    <ClInclude Include="Source\Engine\PSO\PSO.h" />
    <ClInclude Include="Source\Engine\PSO\RasterizerState.h" />
    <ClInclude Include="Source\Engine\DirectXCommon\RenderTargetView.h" />
    <ClInclude Include="Source\Engine\PSO\RootSignature.h" />
    <ClInclude Include="Source\Engine\DirectXCommon\ScissorRect.h" />
    <ClInclude Include="Source\Engine\Sound\Sound.h" />
    <ClInclude Include="Source\Engine\Mesh\Sprite\Sprite.h" />
    <ClInclude Include="Source\Engine\DirectXCommon\SwapChain.h" />
    <ClInclude Include="Source\Engine\Math\Matrix\TransformationMatrix.h" />
    <ClInclude Include="Source\Engine\DirectXCommon\TransitionBarrier.h" />
    <ClInclude Include="Source\Engine\DirectXCommon\Viewport.h" />
    <ClInclude Include="Source\Engine\Mesh\MeshCommon\Wave.h" />
    <ClInclude Include="Source\Engine\DirectXCommon\Window.h" />
    <ClInclude Include="Source\Engine\DirectXCommon\StringUtility.h" />
    <ClInclude Include="Source\Engine\Mesh\Sprite\SpriteCommon.h" />
    <ClInclude Include="Source\Engine\Surface\Texture.h" />
    <ClInclude Include="Source\Engine\Camera\SpriteCamera.h" />
    <ClInclude Include="Source\Application\GameObject\World\World.h" />
    <ClInclude Include="Source\Application\Scene\TitleScene\TitleScene.h" />
    <ClInclude Include="Source\Application\GameObject\UI\UIManager.h" />
    <ClInclude Include="Source\Application\GameObject\Item\SunMedal\SunMedal.h" />
    <ClInclude Include="Source\Application\GameObject\Item\SunRod\SunRod.h" />
    <ClInclude Include="Source\Application\GameObject\TransformAni\TransformAni.h" />
    <ClInclude Include="Source\Application\GameObject\Water\Water.h" />
    <ClInclude Include="Source\Application\Stage\WaterStage\WaterStage.h" />
    <ClInclude Include="Source\Application\Stage\Stage.h" />
    <ClInclude Include="Source\Application\Factory\TextureFactory\TextureFactory.h" />
    <ClInclude Include="Source\Engine\FreeTypeManager\Text.h" />
    <ClInclude Include="Source\Application\StageManager\StageManager.h" />
    <ClInclude Include="Source\Engine\DescriptorHeap\CbvSrvUavDescriptorHeap\CbvSrvUavDescriptorHeap.h" />
    <ClInclude Include="Source\Application\GameObject\Thoth\Thoth.h" />
    <ClInclude Include="Source\Engine\ResourceManager\ResourceManager.h" />
    <ClInclude Include="Source\Engine\DepthTexture\DepthTexture.h" />
    <ClInclude Include="Source\Application\GameObject\MeltBlockMap\MeltBlockMap.h" />
    <ClInclude Include="Source\Application\Stage\BastetStage\BastetStage.h" />
    <ClInclude Include="Source\Application\GameObject\Bastet\Bastet.h" />
    <ClInclude Include="Source\Application\GameObject\BastetBlockMap\BastetBlockMap.h" />
    <ClInclude Include="Source\Engine\Particle\GPUParticle.h" />
    <ClInclude Include="Source\Engine\Particle\GPUParticleEmitter\GPUParticleEmitter.h" />
    <ClInclude Include="Source\Engine\Particle\ParticleStruct.h" />
    <ClInclude Include="Source\Engine\Mesh\MeshCommon\Melt.h" />
    <ClInclude Include="Source\ColliderObject\ColliderObject.h" />
    <ClInclude Include="Source\Application\GameObject\ResultMedjed\ResultMedjed.h" />
    <ClInclude Include="Source\Application\GameObject\Item\Glass\Glass.h" />
    <ClInclude Include="Source\Application\GameObject\Item\Scarab\Scarab.h" />
    <ClInclude Include="Source\Application\Stage\Entrance\Entrance.h" />
    <ClInclude Include="Source\Application\Stage\InformationStage\InformationStage.h" />
    <ClInclude Include="Source\Application\GameObject\InformationRoom\InformationRoom.h" />
    <ClInclude Include="Source\Application\GameObject\Gate\Gate.h" />
    <ClInclude Include="Source\Application\GameObject\GateSensor\GateSensor.h" />
    <ClInclude Include="Source\Application\GameObject\Item\Ticket\Ticket.h" />
    <ClInclude Include="PasswordText.h" />
  </ItemGroup>
  <ItemGroup>
    <Image Include="Resources\numbers.png" />
    <Image Include="Resources\player.png" />
    <Image Include="Resources\uvChecker.png" />
    <Image Include="Resources\white1x1.png" />
  </ItemGroup>
  <ItemGroup>
    <Font Include="Resource\Fonts\NotoSansEgyptianHieroglyphs-Regular.ttf" />
  </ItemGroup>
  <ItemGroup>
    <None Include="Resource\JsonFiles\Boss.json" />
    <None Include="Resource\JsonFiles\config.json" />
    <None Include="Resource\JsonFiles\memo.json" />
    <None Include="Resource\JsonFiles\notes.json" />
    <None Include="Resource\shader\Hlsli\BallonData.hlsli" />
    <None Include="Resource\shader\Hlsli\WaveData.hlsli" />
    <None Include="Resource\shader\Hlsli\Random.hlsli" />
    <None Include="Resource\shader\Hlsli\Dissolve.hlsli" />
    <None Include="Resource\shader\Hlsli\Object3dCommon.hlsli" />
    <None Include="Resource\shader\Hlsli\Melt.hlsli" />
  </ItemGroup>
</Project>